
Microsoft Visual Studio Solution File, Format Version 12.00
# Visual Studio Version 17
VisualStudioVersion = 17.2.32630.192
MinimumVisualStudioVersion = 10.0.40219.1
Project("{9A19103F-16F7-4668-BE54-9A1E7A4F7556}") = "R5T.O0019", "R5T.O0019\R5T.O0019.csproj", "{9F1CAD40-0F74-41FB-B871-A45361E6AA04}"
EndProject
Global
	GlobalSection(SolutionConfigurationPlatforms) = preSolution
		Debug|Any CPU = Debug|Any CPU
		Release|Any CPU = Release|Any CPU
	EndGlobalSection
	GlobalSection(ProjectConfigurationPlatforms) = postSolution
		{9F1CAD40-0F74-41FB-B871-A45361E6AA04}.Debug|Any CPU.ActiveCfg = Debug|Any CPU
		{9F1CAD40-0F74-41FB-B871-A45361E6AA04}.Debug|Any CPU.Build.0 = Debug|Any CPU
		{9F1CAD40-0F74-41FB-B871-A45361E6AA04}.Release|Any CPU.ActiveCfg = Release|Any CPU
		{9F1CAD40-0F74-41FB-B871-A45361E6AA04}.Release|Any CPU.Build.0 = Release|Any CPU
	EndGlobalSection
	GlobalSection(SolutionProperties) = preSolution
		HideSolutionNode = FALSE
	EndGlobalSection
	GlobalSection(ExtensibilityGlobals) = postSolution
		SolutionGuid = {21F3D69F-5624-4A50-9772-1FA57A1C75A6}
	EndGlobalSection
EndGlobal
