
Microsoft Visual Studio Solution File, Format Version 12.00
# Visual Studio Version 17
VisualStudioVersion = 17.2.32630.192
MinimumVisualStudioVersion = 10.0.40219.1
Project("{9A19103F-16F7-4668-BE54-9A1E7A4F7556}") = "R5T.O0019.Construction", "R5T.O0019.Construction\R5T.O0019.Construction.csproj", "{AC876582-6B7E-44E9-9795-AE5B6D94A836}"
EndProject
Project("{9A19103F-16F7-4668-BE54-9A1E7A4F7556}") = "R5T.O0019", "R5T.O0019\R5T.O0019.csproj", "{B85A0D91-E576-4142-AE04-4DD10D6A2551}"
EndProject
Project("{2150E333-8FDC-42A3-9474-1A3956D46DE8}") = "_Dependencies", "_Dependencies", "{3D6BF94F-04FB-4036-8122-B511288B34C0}"
EndProject
Project("{9A19103F-16F7-4668-BE54-9A1E7A4F7556}") = "R5T.NG0019", "..\..\R5T.NG0019\source\R5T.NG0019\R5T.NG0019.csproj", "{ED37FD0A-46EE-4EF0-BD6D-6D1BC1FDD41E}"
EndProject
Project("{9A19103F-16F7-4668-BE54-9A1E7A4F7556}") = "R5T.F0000", "..\..\R5T.F0000\source\R5T.F0000\R5T.F0000.csproj", "{5DEB6892-5916-496B-9801-8262F3A929AB}"
EndProject
Project("{9A19103F-16F7-4668-BE54-9A1E7A4F7556}") = "R5T.F0002", "..\..\R5T.F0002\source\R5T.F0002\R5T.F0002.csproj", "{949D47FF-96E5-4EEF-A2D3-1B7B0EE519FC}"
EndProject
Project("{9A19103F-16F7-4668-BE54-9A1E7A4F7556}") = "R5T.F0120", "..\..\R5T.F0120\source\R5T.F0120\R5T.F0120.csproj", "{E5C74BB2-6F17-49BF-A2E6-687DFE4D41C8}"
EndProject
Project("{9A19103F-16F7-4668-BE54-9A1E7A4F7556}") = "R5T.F0124", "..\..\R5T.F0124\source\R5T.F0124\R5T.F0124.csproj", "{C875B217-6CCC-4A6A-AD61-E40A0196ACA2}"
EndProject
Project("{9A19103F-16F7-4668-BE54-9A1E7A4F7556}") = "R5T.F0125", "..\..\R5T.F0125\source\R5T.F0125\R5T.F0125.csproj", "{C10CA7E2-8DFE-4064-852D-949D880DFB30}"
EndProject
Project("{9A19103F-16F7-4668-BE54-9A1E7A4F7556}") = "R5T.L0030.T000", "..\..\R5T.L0030\source\R5T.L0030.T000\R5T.L0030.T000.csproj", "{852B1203-55FA-47E6-85DB-2FA09D25D056}"
EndProject
Project("{9A19103F-16F7-4668-BE54-9A1E7A4F7556}") = "R5T.L0030", "..\..\R5T.L0030\source\R5T.L0030\R5T.L0030.csproj", "{37B172D7-1E89-4730-AA83-CBF546F04F82}"
EndProject
Project("{9A19103F-16F7-4668-BE54-9A1E7A4F7556}") = "R5T.L0034", "..\..\R5T.L0034\source\R5T.L0034\R5T.L0034.csproj", "{D3C19E71-21B8-4D32-8539-8F4A8097C4D3}"
EndProject
Project("{9A19103F-16F7-4668-BE54-9A1E7A4F7556}") = "R5T.L0035", "..\..\R5T.L0035\source\R5T.L0035\R5T.L0035.csproj", "{65E00248-70F9-461D-B35F-5EFFE78A8FA0}"
EndProject
Project("{9A19103F-16F7-4668-BE54-9A1E7A4F7556}") = "R5T.T0131", "..\..\R5T.T0131\source\R5T.T0131\R5T.T0131.csproj", "{AD4B2350-98CB-44A9-B1BD-0BE707AB3055}"
EndProject
Project("{9A19103F-16F7-4668-BE54-9A1E7A4F7556}") = "R5T.T0132", "..\..\R5T.T0132\source\R5T.T0132\R5T.T0132.csproj", "{4C19C8AE-544C-4F9A-BD22-790923ECAF21}"
EndProject
Project("{9A19103F-16F7-4668-BE54-9A1E7A4F7556}") = "R5T.T0142", "..\..\R5T.T0142\source\R5T.T0142\R5T.T0142.csproj", "{436D278B-FFB6-4EED-B9C8-3C4C0A724129}"
EndProject
Project("{9A19103F-16F7-4668-BE54-9A1E7A4F7556}") = "R5T.T0143", "..\..\R5T.T0143\source\R5T.T0143\R5T.T0143.csproj", "{9400A9A3-6A59-4FCF-B97A-9DABA4DAEE8B}"
EndProject
Project("{9A19103F-16F7-4668-BE54-9A1E7A4F7556}") = "R5T.T0156", "..\..\R5T.T0156\source\R5T.T0156\R5T.T0156.csproj", "{040FE203-32F9-4456-9A18-91B5ECEBDCE6}"
EndProject
Project("{9A19103F-16F7-4668-BE54-9A1E7A4F7556}") = "R5T.T0174", "..\..\R5T.T0174\source\R5T.T0174\R5T.T0174.csproj", "{5780E8C5-5376-4A72-B8BA-DE17DBC5642C}"
EndProject
Project("{9A19103F-16F7-4668-BE54-9A1E7A4F7556}") = "R5T.T0176", "..\..\R5T.T0176\source\R5T.T0176\R5T.T0176.csproj", "{2F1A40C2-2F95-4A7E-A5EF-6D2405296C14}"
EndProject
Project("{9A19103F-16F7-4668-BE54-9A1E7A4F7556}") = "R5T.T0177", "..\..\R5T.T0177\source\R5T.T0177\R5T.T0177.csproj", "{5B58DDF5-A452-4867-B142-3772CA67E800}"
EndProject
Project("{9A19103F-16F7-4668-BE54-9A1E7A4F7556}") = "R5T.T0178", "..\..\R5T.T0178\source\R5T.T0178\R5T.T0178.csproj", "{504B5A2E-C235-490C-92BD-8E68ED2E357A}"
EndProject
Project("{9A19103F-16F7-4668-BE54-9A1E7A4F7556}") = "R5T.T0179", "..\..\R5T.T0179\source\R5T.T0179\R5T.T0179.csproj", "{19E37840-E2D7-4218-9793-6994D5D6AD9F}"
EndProject
Project("{9A19103F-16F7-4668-BE54-9A1E7A4F7556}") = "R5T.T0180", "..\..\R5T.T0180\source\R5T.T0180\R5T.T0180.csproj", "{5165F7B6-FFAD-4F13-82A7-B4704A240AC1}"
EndProject
Project("{9A19103F-16F7-4668-BE54-9A1E7A4F7556}") = "R5T.T0181", "..\..\R5T.T0181\source\R5T.T0181\R5T.T0181.csproj", "{29DB81F9-2859-434F-8663-07766598B76B}"
EndProject
Project("{9A19103F-16F7-4668-BE54-9A1E7A4F7556}") = "R5T.T0185", "..\..\R5T.T0185\source\R5T.T0185\R5T.T0185.csproj", "{BAAB6169-BCF3-4112-8742-B8B658838D85}"
EndProject
Project("{9A19103F-16F7-4668-BE54-9A1E7A4F7556}") = "R5T.T0203", "..\..\R5T.T0203\source\R5T.T0203\R5T.T0203.csproj", "{3F137C25-DC25-45FB-BBED-20DB3BB00A5F}"
EndProject
Project("{9A19103F-16F7-4668-BE54-9A1E7A4F7556}") = "R5T.Y0000", "..\..\R5T.Y0000\source\R5T.Y0000\R5T.Y0000.csproj", "{179E266E-16C1-4726-8E14-46BA605412BC}"
EndProject
Project("{9A19103F-16F7-4668-BE54-9A1E7A4F7556}") = "R5T.Z0000", "..\..\R5T.Z0000\source\R5T.Z0000\R5T.Z0000.csproj", "{A82C7ED9-D3E2-4E43-9FC6-19F36BB3DCB6}"
EndProject
Global
	GlobalSection(NestedProjects) = preSolution
		{ED37FD0A-46EE-4EF0-BD6D-6D1BC1FDD41E} = {3D6BF94F-04FB-4036-8122-B511288B34C0}
		{5DEB6892-5916-496B-9801-8262F3A929AB} = {3D6BF94F-04FB-4036-8122-B511288B34C0}
		{949D47FF-96E5-4EEF-A2D3-1B7B0EE519FC} = {3D6BF94F-04FB-4036-8122-B511288B34C0}
		{E5C74BB2-6F17-49BF-A2E6-687DFE4D41C8} = {3D6BF94F-04FB-4036-8122-B511288B34C0}
		{C875B217-6CCC-4A6A-AD61-E40A0196ACA2} = {3D6BF94F-04FB-4036-8122-B511288B34C0}
		{C10CA7E2-8DFE-4064-852D-949D880DFB30} = {3D6BF94F-04FB-4036-8122-B511288B34C0}
		{852B1203-55FA-47E6-85DB-2FA09D25D056} = {3D6BF94F-04FB-4036-8122-B511288B34C0}
		{37B172D7-1E89-4730-AA83-CBF546F04F82} = {3D6BF94F-04FB-4036-8122-B511288B34C0}
		{D3C19E71-21B8-4D32-8539-8F4A8097C4D3} = {3D6BF94F-04FB-4036-8122-B511288B34C0}
		{65E00248-70F9-461D-B35F-5EFFE78A8FA0} = {3D6BF94F-04FB-4036-8122-B511288B34C0}
		{AD4B2350-98CB-44A9-B1BD-0BE707AB3055} = {3D6BF94F-04FB-4036-8122-B511288B34C0}
		{4C19C8AE-544C-4F9A-BD22-790923ECAF21} = {3D6BF94F-04FB-4036-8122-B511288B34C0}
		{436D278B-FFB6-4EED-B9C8-3C4C0A724129} = {3D6BF94F-04FB-4036-8122-B511288B34C0}
		{9400A9A3-6A59-4FCF-B97A-9DABA4DAEE8B} = {3D6BF94F-04FB-4036-8122-B511288B34C0}
		{040FE203-32F9-4456-9A18-91B5ECEBDCE6} = {3D6BF94F-04FB-4036-8122-B511288B34C0}
		{5780E8C5-5376-4A72-B8BA-DE17DBC5642C} = {3D6BF94F-04FB-4036-8122-B511288B34C0}
		{2F1A40C2-2F95-4A7E-A5EF-6D2405296C14} = {3D6BF94F-04FB-4036-8122-B511288B34C0}
		{5B58DDF5-A452-4867-B142-3772CA67E800} = {3D6BF94F-04FB-4036-8122-B511288B34C0}
		{504B5A2E-C235-490C-92BD-8E68ED2E357A} = {3D6BF94F-04FB-4036-8122-B511288B34C0}
		{19E37840-E2D7-4218-9793-6994D5D6AD9F} = {3D6BF94F-04FB-4036-8122-B511288B34C0}
		{5165F7B6-FFAD-4F13-82A7-B4704A240AC1} = {3D6BF94F-04FB-4036-8122-B511288B34C0}
		{29DB81F9-2859-434F-8663-07766598B76B} = {3D6BF94F-04FB-4036-8122-B511288B34C0}
		{BAAB6169-BCF3-4112-8742-B8B658838D85} = {3D6BF94F-04FB-4036-8122-B511288B34C0}
		{3F137C25-DC25-45FB-BBED-20DB3BB00A5F} = {3D6BF94F-04FB-4036-8122-B511288B34C0}
		{179E266E-16C1-4726-8E14-46BA605412BC} = {3D6BF94F-04FB-4036-8122-B511288B34C0}
		{A82C7ED9-D3E2-4E43-9FC6-19F36BB3DCB6} = {3D6BF94F-04FB-4036-8122-B511288B34C0}
	EndGlobalSection
	GlobalSection(SolutionConfigurationPlatforms) = preSolution
		Debug|Any CPU = Debug|Any CPU
		Release|Any CPU = Release|Any CPU
	EndGlobalSection
	GlobalSection(ProjectConfigurationPlatforms) = postSolution
		{AC876582-6B7E-44E9-9795-AE5B6D94A836}.Debug|Any CPU.ActiveCfg = Debug|Any CPU
		{AC876582-6B7E-44E9-9795-AE5B6D94A836}.Debug|Any CPU.Build.0 = Debug|Any CPU
		{AC876582-6B7E-44E9-9795-AE5B6D94A836}.Release|Any CPU.ActiveCfg = Release|Any CPU
		{AC876582-6B7E-44E9-9795-AE5B6D94A836}.Release|Any CPU.Build.0 = Release|Any CPU
		{B85A0D91-E576-4142-AE04-4DD10D6A2551}.Debug|Any CPU.ActiveCfg = Debug|Any CPU
		{B85A0D91-E576-4142-AE04-4DD10D6A2551}.Debug|Any CPU.Build.0 = Debug|Any CPU
		{B85A0D91-E576-4142-AE04-4DD10D6A2551}.Release|Any CPU.ActiveCfg = Release|Any CPU
		{B85A0D91-E576-4142-AE04-4DD10D6A2551}.Release|Any CPU.Build.0 = Release|Any CPU
		{ED37FD0A-46EE-4EF0-BD6D-6D1BC1FDD41E}.Debug|Any CPU.ActiveCfg = Debug|Any CPU
		{ED37FD0A-46EE-4EF0-BD6D-6D1BC1FDD41E}.Debug|Any CPU.Build.0 = Debug|Any CPU
		{ED37FD0A-46EE-4EF0-BD6D-6D1BC1FDD41E}.Release|Any CPU.ActiveCfg = Release|Any CPU
		{ED37FD0A-46EE-4EF0-BD6D-6D1BC1FDD41E}.Release|Any CPU.Build.0 = Release|Any CPU
		{5DEB6892-5916-496B-9801-8262F3A929AB}.Debug|Any CPU.ActiveCfg = Debug|Any CPU
		{5DEB6892-5916-496B-9801-8262F3A929AB}.Debug|Any CPU.Build.0 = Debug|Any CPU
		{5DEB6892-5916-496B-9801-8262F3A929AB}.Release|Any CPU.ActiveCfg = Release|Any CPU
		{5DEB6892-5916-496B-9801-8262F3A929AB}.Release|Any CPU.Build.0 = Release|Any CPU
		{949D47FF-96E5-4EEF-A2D3-1B7B0EE519FC}.Debug|Any CPU.ActiveCfg = Debug|Any CPU
		{949D47FF-96E5-4EEF-A2D3-1B7B0EE519FC}.Debug|Any CPU.Build.0 = Debug|Any CPU
		{949D47FF-96E5-4EEF-A2D3-1B7B0EE519FC}.Release|Any CPU.ActiveCfg = Release|Any CPU
		{949D47FF-96E5-4EEF-A2D3-1B7B0EE519FC}.Release|Any CPU.Build.0 = Release|Any CPU
		{E5C74BB2-6F17-49BF-A2E6-687DFE4D41C8}.Debug|Any CPU.ActiveCfg = Debug|Any CPU
		{E5C74BB2-6F17-49BF-A2E6-687DFE4D41C8}.Debug|Any CPU.Build.0 = Debug|Any CPU
		{E5C74BB2-6F17-49BF-A2E6-687DFE4D41C8}.Release|Any CPU.ActiveCfg = Release|Any CPU
		{E5C74BB2-6F17-49BF-A2E6-687DFE4D41C8}.Release|Any CPU.Build.0 = Release|Any CPU
		{C875B217-6CCC-4A6A-AD61-E40A0196ACA2}.Debug|Any CPU.ActiveCfg = Debug|Any CPU
		{C875B217-6CCC-4A6A-AD61-E40A0196ACA2}.Debug|Any CPU.Build.0 = Debug|Any CPU
		{C875B217-6CCC-4A6A-AD61-E40A0196ACA2}.Release|Any CPU.ActiveCfg = Release|Any CPU
		{C875B217-6CCC-4A6A-AD61-E40A0196ACA2}.Release|Any CPU.Build.0 = Release|Any CPU
		{C10CA7E2-8DFE-4064-852D-949D880DFB30}.Debug|Any CPU.ActiveCfg = Debug|Any CPU
		{C10CA7E2-8DFE-4064-852D-949D880DFB30}.Debug|Any CPU.Build.0 = Debug|Any CPU
		{C10CA7E2-8DFE-4064-852D-949D880DFB30}.Release|Any CPU.ActiveCfg = Release|Any CPU
		{C10CA7E2-8DFE-4064-852D-949D880DFB30}.Release|Any CPU.Build.0 = Release|Any CPU
		{852B1203-55FA-47E6-85DB-2FA09D25D056}.Debug|Any CPU.ActiveCfg = Debug|Any CPU
		{852B1203-55FA-47E6-85DB-2FA09D25D056}.Debug|Any CPU.Build.0 = Debug|Any CPU
		{852B1203-55FA-47E6-85DB-2FA09D25D056}.Release|Any CPU.ActiveCfg = Release|Any CPU
		{852B1203-55FA-47E6-85DB-2FA09D25D056}.Release|Any CPU.Build.0 = Release|Any CPU
		{37B172D7-1E89-4730-AA83-CBF546F04F82}.Debug|Any CPU.ActiveCfg = Debug|Any CPU
		{37B172D7-1E89-4730-AA83-CBF546F04F82}.Debug|Any CPU.Build.0 = Debug|Any CPU
		{37B172D7-1E89-4730-AA83-CBF546F04F82}.Release|Any CPU.ActiveCfg = Release|Any CPU
		{37B172D7-1E89-4730-AA83-CBF546F04F82}.Release|Any CPU.Build.0 = Release|Any CPU
		{D3C19E71-21B8-4D32-8539-8F4A8097C4D3}.Debug|Any CPU.ActiveCfg = Debug|Any CPU
		{D3C19E71-21B8-4D32-8539-8F4A8097C4D3}.Debug|Any CPU.Build.0 = Debug|Any CPU
		{D3C19E71-21B8-4D32-8539-8F4A8097C4D3}.Release|Any CPU.ActiveCfg = Release|Any CPU
		{D3C19E71-21B8-4D32-8539-8F4A8097C4D3}.Release|Any CPU.Build.0 = Release|Any CPU
		{65E00248-70F9-461D-B35F-5EFFE78A8FA0}.Debug|Any CPU.ActiveCfg = Debug|Any CPU
		{65E00248-70F9-461D-B35F-5EFFE78A8FA0}.Debug|Any CPU.Build.0 = Debug|Any CPU
		{65E00248-70F9-461D-B35F-5EFFE78A8FA0}.Release|Any CPU.ActiveCfg = Release|Any CPU
		{65E00248-70F9-461D-B35F-5EFFE78A8FA0}.Release|Any CPU.Build.0 = Release|Any CPU
		{AD4B2350-98CB-44A9-B1BD-0BE707AB3055}.Debug|Any CPU.ActiveCfg = Debug|Any CPU
		{AD4B2350-98CB-44A9-B1BD-0BE707AB3055}.Debug|Any CPU.Build.0 = Debug|Any CPU
		{AD4B2350-98CB-44A9-B1BD-0BE707AB3055}.Release|Any CPU.ActiveCfg = Release|Any CPU
		{AD4B2350-98CB-44A9-B1BD-0BE707AB3055}.Release|Any CPU.Build.0 = Release|Any CPU
		{4C19C8AE-544C-4F9A-BD22-790923ECAF21}.Debug|Any CPU.ActiveCfg = Debug|Any CPU
		{4C19C8AE-544C-4F9A-BD22-790923ECAF21}.Debug|Any CPU.Build.0 = Debug|Any CPU
		{4C19C8AE-544C-4F9A-BD22-790923ECAF21}.Release|Any CPU.ActiveCfg = Release|Any CPU
		{4C19C8AE-544C-4F9A-BD22-790923ECAF21}.Release|Any CPU.Build.0 = Release|Any CPU
		{436D278B-FFB6-4EED-B9C8-3C4C0A724129}.Debug|Any CPU.ActiveCfg = Debug|Any CPU
		{436D278B-FFB6-4EED-B9C8-3C4C0A724129}.Debug|Any CPU.Build.0 = Debug|Any CPU
		{436D278B-FFB6-4EED-B9C8-3C4C0A724129}.Release|Any CPU.ActiveCfg = Release|Any CPU
		{436D278B-FFB6-4EED-B9C8-3C4C0A724129}.Release|Any CPU.Build.0 = Release|Any CPU
		{9400A9A3-6A59-4FCF-B97A-9DABA4DAEE8B}.Debug|Any CPU.ActiveCfg = Debug|Any CPU
		{9400A9A3-6A59-4FCF-B97A-9DABA4DAEE8B}.Debug|Any CPU.Build.0 = Debug|Any CPU
		{9400A9A3-6A59-4FCF-B97A-9DABA4DAEE8B}.Release|Any CPU.ActiveCfg = Release|Any CPU
		{9400A9A3-6A59-4FCF-B97A-9DABA4DAEE8B}.Release|Any CPU.Build.0 = Release|Any CPU
		{040FE203-32F9-4456-9A18-91B5ECEBDCE6}.Debug|Any CPU.ActiveCfg = Debug|Any CPU
		{040FE203-32F9-4456-9A18-91B5ECEBDCE6}.Debug|Any CPU.Build.0 = Debug|Any CPU
		{040FE203-32F9-4456-9A18-91B5ECEBDCE6}.Release|Any CPU.ActiveCfg = Release|Any CPU
		{040FE203-32F9-4456-9A18-91B5ECEBDCE6}.Release|Any CPU.Build.0 = Release|Any CPU
		{5780E8C5-5376-4A72-B8BA-DE17DBC5642C}.Debug|Any CPU.ActiveCfg = Debug|Any CPU
		{5780E8C5-5376-4A72-B8BA-DE17DBC5642C}.Debug|Any CPU.Build.0 = Debug|Any CPU
		{5780E8C5-5376-4A72-B8BA-DE17DBC5642C}.Release|Any CPU.ActiveCfg = Release|Any CPU
		{5780E8C5-5376-4A72-B8BA-DE17DBC5642C}.Release|Any CPU.Build.0 = Release|Any CPU
		{2F1A40C2-2F95-4A7E-A5EF-6D2405296C14}.Debug|Any CPU.ActiveCfg = Debug|Any CPU
		{2F1A40C2-2F95-4A7E-A5EF-6D2405296C14}.Debug|Any CPU.Build.0 = Debug|Any CPU
		{2F1A40C2-2F95-4A7E-A5EF-6D2405296C14}.Release|Any CPU.ActiveCfg = Release|Any CPU
		{2F1A40C2-2F95-4A7E-A5EF-6D2405296C14}.Release|Any CPU.Build.0 = Release|Any CPU
		{5B58DDF5-A452-4867-B142-3772CA67E800}.Debug|Any CPU.ActiveCfg = Debug|Any CPU
		{5B58DDF5-A452-4867-B142-3772CA67E800}.Debug|Any CPU.Build.0 = Debug|Any CPU
		{5B58DDF5-A452-4867-B142-3772CA67E800}.Release|Any CPU.ActiveCfg = Release|Any CPU
		{5B58DDF5-A452-4867-B142-3772CA67E800}.Release|Any CPU.Build.0 = Release|Any CPU
		{504B5A2E-C235-490C-92BD-8E68ED2E357A}.Debug|Any CPU.ActiveCfg = Debug|Any CPU
		{504B5A2E-C235-490C-92BD-8E68ED2E357A}.Debug|Any CPU.Build.0 = Debug|Any CPU
		{504B5A2E-C235-490C-92BD-8E68ED2E357A}.Release|Any CPU.ActiveCfg = Release|Any CPU
		{504B5A2E-C235-490C-92BD-8E68ED2E357A}.Release|Any CPU.Build.0 = Release|Any CPU
		{19E37840-E2D7-4218-9793-6994D5D6AD9F}.Debug|Any CPU.ActiveCfg = Debug|Any CPU
		{19E37840-E2D7-4218-9793-6994D5D6AD9F}.Debug|Any CPU.Build.0 = Debug|Any CPU
		{19E37840-E2D7-4218-9793-6994D5D6AD9F}.Release|Any CPU.ActiveCfg = Release|Any CPU
		{19E37840-E2D7-4218-9793-6994D5D6AD9F}.Release|Any CPU.Build.0 = Release|Any CPU
		{5165F7B6-FFAD-4F13-82A7-B4704A240AC1}.Debug|Any CPU.ActiveCfg = Debug|Any CPU
		{5165F7B6-FFAD-4F13-82A7-B4704A240AC1}.Debug|Any CPU.Build.0 = Debug|Any CPU
		{5165F7B6-FFAD-4F13-82A7-B4704A240AC1}.Release|Any CPU.ActiveCfg = Release|Any CPU
		{5165F7B6-FFAD-4F13-82A7-B4704A240AC1}.Release|Any CPU.Build.0 = Release|Any CPU
		{29DB81F9-2859-434F-8663-07766598B76B}.Debug|Any CPU.ActiveCfg = Debug|Any CPU
		{29DB81F9-2859-434F-8663-07766598B76B}.Debug|Any CPU.Build.0 = Debug|Any CPU
		{29DB81F9-2859-434F-8663-07766598B76B}.Release|Any CPU.ActiveCfg = Release|Any CPU
		{29DB81F9-2859-434F-8663-07766598B76B}.Release|Any CPU.Build.0 = Release|Any CPU
		{BAAB6169-BCF3-4112-8742-B8B658838D85}.Debug|Any CPU.ActiveCfg = Debug|Any CPU
		{BAAB6169-BCF3-4112-8742-B8B658838D85}.Debug|Any CPU.Build.0 = Debug|Any CPU
		{BAAB6169-BCF3-4112-8742-B8B658838D85}.Release|Any CPU.ActiveCfg = Release|Any CPU
		{BAAB6169-BCF3-4112-8742-B8B658838D85}.Release|Any CPU.Build.0 = Release|Any CPU
		{3F137C25-DC25-45FB-BBED-20DB3BB00A5F}.Debug|Any CPU.ActiveCfg = Debug|Any CPU
		{3F137C25-DC25-45FB-BBED-20DB3BB00A5F}.Debug|Any CPU.Build.0 = Debug|Any CPU
		{3F137C25-DC25-45FB-BBED-20DB3BB00A5F}.Release|Any CPU.ActiveCfg = Release|Any CPU
		{3F137C25-DC25-45FB-BBED-20DB3BB00A5F}.Release|Any CPU.Build.0 = Release|Any CPU
		{179E266E-16C1-4726-8E14-46BA605412BC}.Debug|Any CPU.ActiveCfg = Debug|Any CPU
		{179E266E-16C1-4726-8E14-46BA605412BC}.Debug|Any CPU.Build.0 = Debug|Any CPU
		{179E266E-16C1-4726-8E14-46BA605412BC}.Release|Any CPU.ActiveCfg = Release|Any CPU
		{179E266E-16C1-4726-8E14-46BA605412BC}.Release|Any CPU.Build.0 = Release|Any CPU
		{A82C7ED9-D3E2-4E43-9FC6-19F36BB3DCB6}.Debug|Any CPU.ActiveCfg = Debug|Any CPU
		{A82C7ED9-D3E2-4E43-9FC6-19F36BB3DCB6}.Debug|Any CPU.Build.0 = Debug|Any CPU
		{A82C7ED9-D3E2-4E43-9FC6-19F36BB3DCB6}.Release|Any CPU.ActiveCfg = Release|Any CPU
		{A82C7ED9-D3E2-4E43-9FC6-19F36BB3DCB6}.Release|Any CPU.Build.0 = Release|Any CPU
	EndGlobalSection
	GlobalSection(SolutionProperties) = preSolution
		HideSolutionNode = FALSE
	EndGlobalSection
	GlobalSection(ExtensibilityGlobals) = postSolution
		SolutionGuid = {2EB000E0-038D-4D9D-9467-8C4E4A933475}
	EndGlobalSection
EndGlobal
