
Microsoft Visual Studio Solution File, Format Version 12.00
# Visual Studio Version 17
VisualStudioVersion = 17.2.32630.192
MinimumVisualStudioVersion = 10.0.40219.1
Project("{9A19103F-16F7-4668-BE54-9A1E7A4F7556}") = "R5T.O0019", "R5T.O0019\R5T.O0019.csproj", "{9F1CAD40-0F74-41FB-B871-A45361E6AA04}"
EndProject
Project("{2150E333-8FDC-42A3-9474-1A3956D46DE8}") = "_Dependencies", "_Dependencies", "{D82A1405-3D62-46BE-85BB-1F99973D0719}"
EndProject
Project("{9A19103F-16F7-4668-BE54-9A1E7A4F7556}") = "R5T.NG0019", "..\..\R5T.NG0019\source\R5T.NG0019\R5T.NG0019.csproj", "{A53CF670-CF52-4EEA-8011-9944BF1C835A}"
EndProject
Project("{9A19103F-16F7-4668-BE54-9A1E7A4F7556}") = "R5T.F0000", "..\..\R5T.F0000\source\R5T.F0000\R5T.F0000.csproj", "{9E5890E3-BD70-4ED4-BC1D-C415AB2CD664}"
EndProject
Project("{9A19103F-16F7-4668-BE54-9A1E7A4F7556}") = "R5T.F0002", "..\..\R5T.F0002\source\R5T.F0002\R5T.F0002.csproj", "{3474DCF4-82CB-49D3-B269-C281F629205D}"
EndProject
Project("{9A19103F-16F7-4668-BE54-9A1E7A4F7556}") = "R5T.F0120", "..\..\R5T.F0120\source\R5T.F0120\R5T.F0120.csproj", "{EF542560-1B55-47E6-8B41-263D6CFF3E60}"
EndProject
Project("{9A19103F-16F7-4668-BE54-9A1E7A4F7556}") = "R5T.F0124", "..\..\R5T.F0124\source\R5T.F0124\R5T.F0124.csproj", "{8E64675E-17A6-431A-B7D6-E0EB1A2FE42F}"
EndProject
Project("{9A19103F-16F7-4668-BE54-9A1E7A4F7556}") = "R5T.F0125", "..\..\R5T.F0125\source\R5T.F0125\R5T.F0125.csproj", "{235F606D-97EF-47A6-AFCD-1377CC283FFC}"
EndProject
Project("{9A19103F-16F7-4668-BE54-9A1E7A4F7556}") = "R5T.L0030.T000", "..\..\R5T.L0030\source\R5T.L0030.T000\R5T.L0030.T000.csproj", "{89E00F5A-842B-47AB-AB65-0DE992CB9787}"
EndProject
Project("{9A19103F-16F7-4668-BE54-9A1E7A4F7556}") = "R5T.L0030", "..\..\R5T.L0030\source\R5T.L0030\R5T.L0030.csproj", "{C1E53CF9-221C-4CED-892B-77090F9A24F7}"
EndProject
Project("{9A19103F-16F7-4668-BE54-9A1E7A4F7556}") = "R5T.L0034", "..\..\R5T.L0034\source\R5T.L0034\R5T.L0034.csproj", "{FB93CBDB-F5C3-4254-B9CE-CEFE2BE0CB48}"
EndProject
Project("{9A19103F-16F7-4668-BE54-9A1E7A4F7556}") = "R5T.L0035", "..\..\R5T.L0035\source\R5T.L0035\R5T.L0035.csproj", "{A675FEA4-EA51-48F8-8B88-29F79E899395}"
EndProject
Project("{9A19103F-16F7-4668-BE54-9A1E7A4F7556}") = "R5T.T0131", "..\..\R5T.T0131\source\R5T.T0131\R5T.T0131.csproj", "{7F669DAA-8BDC-4A29-93A9-AF89CE16336B}"
EndProject
Project("{9A19103F-16F7-4668-BE54-9A1E7A4F7556}") = "R5T.T0132", "..\..\R5T.T0132\source\R5T.T0132\R5T.T0132.csproj", "{0E1AD664-387B-4F16-A20D-5C5675427084}"
EndProject
Project("{9A19103F-16F7-4668-BE54-9A1E7A4F7556}") = "R5T.T0142", "..\..\R5T.T0142\source\R5T.T0142\R5T.T0142.csproj", "{3F4E41AB-4928-4B3F-BADA-740B75B6AD57}"
EndProject
Project("{9A19103F-16F7-4668-BE54-9A1E7A4F7556}") = "R5T.T0143", "..\..\R5T.T0143\source\R5T.T0143\R5T.T0143.csproj", "{3C618B41-7D83-40B7-901F-BDD1BB0BB9F3}"
EndProject
Project("{9A19103F-16F7-4668-BE54-9A1E7A4F7556}") = "R5T.T0156", "..\..\R5T.T0156\source\R5T.T0156\R5T.T0156.csproj", "{D65FC489-3282-4C51-8AB8-DB92446C331D}"
EndProject
Project("{9A19103F-16F7-4668-BE54-9A1E7A4F7556}") = "R5T.T0174", "..\..\R5T.T0174\source\R5T.T0174\R5T.T0174.csproj", "{51AF3A47-D5E4-491F-B36C-58B4F43DBEE5}"
EndProject
Project("{9A19103F-16F7-4668-BE54-9A1E7A4F7556}") = "R5T.T0176", "..\..\R5T.T0176\source\R5T.T0176\R5T.T0176.csproj", "{9E1F4A99-4608-41AF-B0D3-DC789EF3A5E1}"
EndProject
Project("{9A19103F-16F7-4668-BE54-9A1E7A4F7556}") = "R5T.T0177", "..\..\R5T.T0177\source\R5T.T0177\R5T.T0177.csproj", "{0B2C67CB-6759-4152-B210-08DF45E6881E}"
EndProject
Project("{9A19103F-16F7-4668-BE54-9A1E7A4F7556}") = "R5T.T0178", "..\..\R5T.T0178\source\R5T.T0178\R5T.T0178.csproj", "{E343B2D1-2BAF-4C65-8846-223C5623CA86}"
EndProject
Project("{9A19103F-16F7-4668-BE54-9A1E7A4F7556}") = "R5T.T0179", "..\..\R5T.T0179\source\R5T.T0179\R5T.T0179.csproj", "{35253353-624E-447F-B6F8-4E19DCE89425}"
EndProject
Project("{9A19103F-16F7-4668-BE54-9A1E7A4F7556}") = "R5T.T0180", "..\..\R5T.T0180\source\R5T.T0180\R5T.T0180.csproj", "{762C422B-AEBE-4D06-A015-9EF665C8E8F4}"
EndProject
Project("{9A19103F-16F7-4668-BE54-9A1E7A4F7556}") = "R5T.T0181", "..\..\R5T.T0181\source\R5T.T0181\R5T.T0181.csproj", "{3BA4290F-4ADA-42FB-98F6-E30850D1CF7F}"
EndProject
Project("{9A19103F-16F7-4668-BE54-9A1E7A4F7556}") = "R5T.T0185", "..\..\R5T.T0185\source\R5T.T0185\R5T.T0185.csproj", "{AC256219-6056-4C95-9EF3-2AD680839867}"
EndProject
Project("{9A19103F-16F7-4668-BE54-9A1E7A4F7556}") = "R5T.T0203", "..\..\R5T.T0203\source\R5T.T0203\R5T.T0203.csproj", "{63B806F5-D12E-4E33-BB2C-F480B47FC75E}"
EndProject
Project("{9A19103F-16F7-4668-BE54-9A1E7A4F7556}") = "R5T.Y0000", "..\..\R5T.Y0000\source\R5T.Y0000\R5T.Y0000.csproj", "{5A3FE94F-76EC-4D82-83D9-1E5EF8EA1FDE}"
EndProject
Project("{9A19103F-16F7-4668-BE54-9A1E7A4F7556}") = "R5T.Z0000", "..\..\R5T.Z0000\source\R5T.Z0000\R5T.Z0000.csproj", "{0B664F54-8E61-4575-8F02-598FD61B57DA}"
EndProject
Global
	GlobalSection(NestedProjects) = preSolution
		{A53CF670-CF52-4EEA-8011-9944BF1C835A} = {D82A1405-3D62-46BE-85BB-1F99973D0719}
		{9E5890E3-BD70-4ED4-BC1D-C415AB2CD664} = {D82A1405-3D62-46BE-85BB-1F99973D0719}
		{3474DCF4-82CB-49D3-B269-C281F629205D} = {D82A1405-3D62-46BE-85BB-1F99973D0719}
		{EF542560-1B55-47E6-8B41-263D6CFF3E60} = {D82A1405-3D62-46BE-85BB-1F99973D0719}
		{8E64675E-17A6-431A-B7D6-E0EB1A2FE42F} = {D82A1405-3D62-46BE-85BB-1F99973D0719}
		{235F606D-97EF-47A6-AFCD-1377CC283FFC} = {D82A1405-3D62-46BE-85BB-1F99973D0719}
		{89E00F5A-842B-47AB-AB65-0DE992CB9787} = {D82A1405-3D62-46BE-85BB-1F99973D0719}
		{C1E53CF9-221C-4CED-892B-77090F9A24F7} = {D82A1405-3D62-46BE-85BB-1F99973D0719}
		{FB93CBDB-F5C3-4254-B9CE-CEFE2BE0CB48} = {D82A1405-3D62-46BE-85BB-1F99973D0719}
		{A675FEA4-EA51-48F8-8B88-29F79E899395} = {D82A1405-3D62-46BE-85BB-1F99973D0719}
		{7F669DAA-8BDC-4A29-93A9-AF89CE16336B} = {D82A1405-3D62-46BE-85BB-1F99973D0719}
		{0E1AD664-387B-4F16-A20D-5C5675427084} = {D82A1405-3D62-46BE-85BB-1F99973D0719}
		{3F4E41AB-4928-4B3F-BADA-740B75B6AD57} = {D82A1405-3D62-46BE-85BB-1F99973D0719}
		{3C618B41-7D83-40B7-901F-BDD1BB0BB9F3} = {D82A1405-3D62-46BE-85BB-1F99973D0719}
		{D65FC489-3282-4C51-8AB8-DB92446C331D} = {D82A1405-3D62-46BE-85BB-1F99973D0719}
		{51AF3A47-D5E4-491F-B36C-58B4F43DBEE5} = {D82A1405-3D62-46BE-85BB-1F99973D0719}
		{9E1F4A99-4608-41AF-B0D3-DC789EF3A5E1} = {D82A1405-3D62-46BE-85BB-1F99973D0719}
		{0B2C67CB-6759-4152-B210-08DF45E6881E} = {D82A1405-3D62-46BE-85BB-1F99973D0719}
		{E343B2D1-2BAF-4C65-8846-223C5623CA86} = {D82A1405-3D62-46BE-85BB-1F99973D0719}
		{35253353-624E-447F-B6F8-4E19DCE89425} = {D82A1405-3D62-46BE-85BB-1F99973D0719}
		{762C422B-AEBE-4D06-A015-9EF665C8E8F4} = {D82A1405-3D62-46BE-85BB-1F99973D0719}
		{3BA4290F-4ADA-42FB-98F6-E30850D1CF7F} = {D82A1405-3D62-46BE-85BB-1F99973D0719}
		{AC256219-6056-4C95-9EF3-2AD680839867} = {D82A1405-3D62-46BE-85BB-1F99973D0719}
		{63B806F5-D12E-4E33-BB2C-F480B47FC75E} = {D82A1405-3D62-46BE-85BB-1F99973D0719}
		{5A3FE94F-76EC-4D82-83D9-1E5EF8EA1FDE} = {D82A1405-3D62-46BE-85BB-1F99973D0719}
		{0B664F54-8E61-4575-8F02-598FD61B57DA} = {D82A1405-3D62-46BE-85BB-1F99973D0719}
	EndGlobalSection
	GlobalSection(SolutionConfigurationPlatforms) = preSolution
		Debug|Any CPU = Debug|Any CPU
		Release|Any CPU = Release|Any CPU
	EndGlobalSection
	GlobalSection(ProjectConfigurationPlatforms) = postSolution
		{9F1CAD40-0F74-41FB-B871-A45361E6AA04}.Debug|Any CPU.ActiveCfg = Debug|Any CPU
		{9F1CAD40-0F74-41FB-B871-A45361E6AA04}.Debug|Any CPU.Build.0 = Debug|Any CPU
		{9F1CAD40-0F74-41FB-B871-A45361E6AA04}.Release|Any CPU.ActiveCfg = Release|Any CPU
		{9F1CAD40-0F74-41FB-B871-A45361E6AA04}.Release|Any CPU.Build.0 = Release|Any CPU
		{A53CF670-CF52-4EEA-8011-9944BF1C835A}.Debug|Any CPU.ActiveCfg = Debug|Any CPU
		{A53CF670-CF52-4EEA-8011-9944BF1C835A}.Debug|Any CPU.Build.0 = Debug|Any CPU
		{A53CF670-CF52-4EEA-8011-9944BF1C835A}.Release|Any CPU.ActiveCfg = Release|Any CPU
		{A53CF670-CF52-4EEA-8011-9944BF1C835A}.Release|Any CPU.Build.0 = Release|Any CPU
		{9E5890E3-BD70-4ED4-BC1D-C415AB2CD664}.Debug|Any CPU.ActiveCfg = Debug|Any CPU
		{9E5890E3-BD70-4ED4-BC1D-C415AB2CD664}.Debug|Any CPU.Build.0 = Debug|Any CPU
		{9E5890E3-BD70-4ED4-BC1D-C415AB2CD664}.Release|Any CPU.ActiveCfg = Release|Any CPU
		{9E5890E3-BD70-4ED4-BC1D-C415AB2CD664}.Release|Any CPU.Build.0 = Release|Any CPU
		{3474DCF4-82CB-49D3-B269-C281F629205D}.Debug|Any CPU.ActiveCfg = Debug|Any CPU
		{3474DCF4-82CB-49D3-B269-C281F629205D}.Debug|Any CPU.Build.0 = Debug|Any CPU
		{3474DCF4-82CB-49D3-B269-C281F629205D}.Release|Any CPU.ActiveCfg = Release|Any CPU
		{3474DCF4-82CB-49D3-B269-C281F629205D}.Release|Any CPU.Build.0 = Release|Any CPU
		{EF542560-1B55-47E6-8B41-263D6CFF3E60}.Debug|Any CPU.ActiveCfg = Debug|Any CPU
		{EF542560-1B55-47E6-8B41-263D6CFF3E60}.Debug|Any CPU.Build.0 = Debug|Any CPU
		{EF542560-1B55-47E6-8B41-263D6CFF3E60}.Release|Any CPU.ActiveCfg = Release|Any CPU
		{EF542560-1B55-47E6-8B41-263D6CFF3E60}.Release|Any CPU.Build.0 = Release|Any CPU
		{8E64675E-17A6-431A-B7D6-E0EB1A2FE42F}.Debug|Any CPU.ActiveCfg = Debug|Any CPU
		{8E64675E-17A6-431A-B7D6-E0EB1A2FE42F}.Debug|Any CPU.Build.0 = Debug|Any CPU
		{8E64675E-17A6-431A-B7D6-E0EB1A2FE42F}.Release|Any CPU.ActiveCfg = Release|Any CPU
		{8E64675E-17A6-431A-B7D6-E0EB1A2FE42F}.Release|Any CPU.Build.0 = Release|Any CPU
		{235F606D-97EF-47A6-AFCD-1377CC283FFC}.Debug|Any CPU.ActiveCfg = Debug|Any CPU
		{235F606D-97EF-47A6-AFCD-1377CC283FFC}.Debug|Any CPU.Build.0 = Debug|Any CPU
		{235F606D-97EF-47A6-AFCD-1377CC283FFC}.Release|Any CPU.ActiveCfg = Release|Any CPU
		{235F606D-97EF-47A6-AFCD-1377CC283FFC}.Release|Any CPU.Build.0 = Release|Any CPU
		{89E00F5A-842B-47AB-AB65-0DE992CB9787}.Debug|Any CPU.ActiveCfg = Debug|Any CPU
		{89E00F5A-842B-47AB-AB65-0DE992CB9787}.Debug|Any CPU.Build.0 = Debug|Any CPU
		{89E00F5A-842B-47AB-AB65-0DE992CB9787}.Release|Any CPU.ActiveCfg = Release|Any CPU
		{89E00F5A-842B-47AB-AB65-0DE992CB9787}.Release|Any CPU.Build.0 = Release|Any CPU
		{C1E53CF9-221C-4CED-892B-77090F9A24F7}.Debug|Any CPU.ActiveCfg = Debug|Any CPU
		{C1E53CF9-221C-4CED-892B-77090F9A24F7}.Debug|Any CPU.Build.0 = Debug|Any CPU
		{C1E53CF9-221C-4CED-892B-77090F9A24F7}.Release|Any CPU.ActiveCfg = Release|Any CPU
		{C1E53CF9-221C-4CED-892B-77090F9A24F7}.Release|Any CPU.Build.0 = Release|Any CPU
		{FB93CBDB-F5C3-4254-B9CE-CEFE2BE0CB48}.Debug|Any CPU.ActiveCfg = Debug|Any CPU
		{FB93CBDB-F5C3-4254-B9CE-CEFE2BE0CB48}.Debug|Any CPU.Build.0 = Debug|Any CPU
		{FB93CBDB-F5C3-4254-B9CE-CEFE2BE0CB48}.Release|Any CPU.ActiveCfg = Release|Any CPU
		{FB93CBDB-F5C3-4254-B9CE-CEFE2BE0CB48}.Release|Any CPU.Build.0 = Release|Any CPU
		{A675FEA4-EA51-48F8-8B88-29F79E899395}.Debug|Any CPU.ActiveCfg = Debug|Any CPU
		{A675FEA4-EA51-48F8-8B88-29F79E899395}.Debug|Any CPU.Build.0 = Debug|Any CPU
		{A675FEA4-EA51-48F8-8B88-29F79E899395}.Release|Any CPU.ActiveCfg = Release|Any CPU
		{A675FEA4-EA51-48F8-8B88-29F79E899395}.Release|Any CPU.Build.0 = Release|Any CPU
		{7F669DAA-8BDC-4A29-93A9-AF89CE16336B}.Debug|Any CPU.ActiveCfg = Debug|Any CPU
		{7F669DAA-8BDC-4A29-93A9-AF89CE16336B}.Debug|Any CPU.Build.0 = Debug|Any CPU
		{7F669DAA-8BDC-4A29-93A9-AF89CE16336B}.Release|Any CPU.ActiveCfg = Release|Any CPU
		{7F669DAA-8BDC-4A29-93A9-AF89CE16336B}.Release|Any CPU.Build.0 = Release|Any CPU
		{0E1AD664-387B-4F16-A20D-5C5675427084}.Debug|Any CPU.ActiveCfg = Debug|Any CPU
		{0E1AD664-387B-4F16-A20D-5C5675427084}.Debug|Any CPU.Build.0 = Debug|Any CPU
		{0E1AD664-387B-4F16-A20D-5C5675427084}.Release|Any CPU.ActiveCfg = Release|Any CPU
		{0E1AD664-387B-4F16-A20D-5C5675427084}.Release|Any CPU.Build.0 = Release|Any CPU
		{3F4E41AB-4928-4B3F-BADA-740B75B6AD57}.Debug|Any CPU.ActiveCfg = Debug|Any CPU
		{3F4E41AB-4928-4B3F-BADA-740B75B6AD57}.Debug|Any CPU.Build.0 = Debug|Any CPU
		{3F4E41AB-4928-4B3F-BADA-740B75B6AD57}.Release|Any CPU.ActiveCfg = Release|Any CPU
		{3F4E41AB-4928-4B3F-BADA-740B75B6AD57}.Release|Any CPU.Build.0 = Release|Any CPU
		{3C618B41-7D83-40B7-901F-BDD1BB0BB9F3}.Debug|Any CPU.ActiveCfg = Debug|Any CPU
		{3C618B41-7D83-40B7-901F-BDD1BB0BB9F3}.Debug|Any CPU.Build.0 = Debug|Any CPU
		{3C618B41-7D83-40B7-901F-BDD1BB0BB9F3}.Release|Any CPU.ActiveCfg = Release|Any CPU
		{3C618B41-7D83-40B7-901F-BDD1BB0BB9F3}.Release|Any CPU.Build.0 = Release|Any CPU
		{D65FC489-3282-4C51-8AB8-DB92446C331D}.Debug|Any CPU.ActiveCfg = Debug|Any CPU
		{D65FC489-3282-4C51-8AB8-DB92446C331D}.Debug|Any CPU.Build.0 = Debug|Any CPU
		{D65FC489-3282-4C51-8AB8-DB92446C331D}.Release|Any CPU.ActiveCfg = Release|Any CPU
		{D65FC489-3282-4C51-8AB8-DB92446C331D}.Release|Any CPU.Build.0 = Release|Any CPU
		{51AF3A47-D5E4-491F-B36C-58B4F43DBEE5}.Debug|Any CPU.ActiveCfg = Debug|Any CPU
		{51AF3A47-D5E4-491F-B36C-58B4F43DBEE5}.Debug|Any CPU.Build.0 = Debug|Any CPU
		{51AF3A47-D5E4-491F-B36C-58B4F43DBEE5}.Release|Any CPU.ActiveCfg = Release|Any CPU
		{51AF3A47-D5E4-491F-B36C-58B4F43DBEE5}.Release|Any CPU.Build.0 = Release|Any CPU
		{9E1F4A99-4608-41AF-B0D3-DC789EF3A5E1}.Debug|Any CPU.ActiveCfg = Debug|Any CPU
		{9E1F4A99-4608-41AF-B0D3-DC789EF3A5E1}.Debug|Any CPU.Build.0 = Debug|Any CPU
		{9E1F4A99-4608-41AF-B0D3-DC789EF3A5E1}.Release|Any CPU.ActiveCfg = Release|Any CPU
		{9E1F4A99-4608-41AF-B0D3-DC789EF3A5E1}.Release|Any CPU.Build.0 = Release|Any CPU
		{0B2C67CB-6759-4152-B210-08DF45E6881E}.Debug|Any CPU.ActiveCfg = Debug|Any CPU
		{0B2C67CB-6759-4152-B210-08DF45E6881E}.Debug|Any CPU.Build.0 = Debug|Any CPU
		{0B2C67CB-6759-4152-B210-08DF45E6881E}.Release|Any CPU.ActiveCfg = Release|Any CPU
		{0B2C67CB-6759-4152-B210-08DF45E6881E}.Release|Any CPU.Build.0 = Release|Any CPU
		{E343B2D1-2BAF-4C65-8846-223C5623CA86}.Debug|Any CPU.ActiveCfg = Debug|Any CPU
		{E343B2D1-2BAF-4C65-8846-223C5623CA86}.Debug|Any CPU.Build.0 = Debug|Any CPU
		{E343B2D1-2BAF-4C65-8846-223C5623CA86}.Release|Any CPU.ActiveCfg = Release|Any CPU
		{E343B2D1-2BAF-4C65-8846-223C5623CA86}.Release|Any CPU.Build.0 = Release|Any CPU
		{35253353-624E-447F-B6F8-4E19DCE89425}.Debug|Any CPU.ActiveCfg = Debug|Any CPU
		{35253353-624E-447F-B6F8-4E19DCE89425}.Debug|Any CPU.Build.0 = Debug|Any CPU
		{35253353-624E-447F-B6F8-4E19DCE89425}.Release|Any CPU.ActiveCfg = Release|Any CPU
		{35253353-624E-447F-B6F8-4E19DCE89425}.Release|Any CPU.Build.0 = Release|Any CPU
		{762C422B-AEBE-4D06-A015-9EF665C8E8F4}.Debug|Any CPU.ActiveCfg = Debug|Any CPU
		{762C422B-AEBE-4D06-A015-9EF665C8E8F4}.Debug|Any CPU.Build.0 = Debug|Any CPU
		{762C422B-AEBE-4D06-A015-9EF665C8E8F4}.Release|Any CPU.ActiveCfg = Release|Any CPU
		{762C422B-AEBE-4D06-A015-9EF665C8E8F4}.Release|Any CPU.Build.0 = Release|Any CPU
		{3BA4290F-4ADA-42FB-98F6-E30850D1CF7F}.Debug|Any CPU.ActiveCfg = Debug|Any CPU
		{3BA4290F-4ADA-42FB-98F6-E30850D1CF7F}.Debug|Any CPU.Build.0 = Debug|Any CPU
		{3BA4290F-4ADA-42FB-98F6-E30850D1CF7F}.Release|Any CPU.ActiveCfg = Release|Any CPU
		{3BA4290F-4ADA-42FB-98F6-E30850D1CF7F}.Release|Any CPU.Build.0 = Release|Any CPU
		{AC256219-6056-4C95-9EF3-2AD680839867}.Debug|Any CPU.ActiveCfg = Debug|Any CPU
		{AC256219-6056-4C95-9EF3-2AD680839867}.Debug|Any CPU.Build.0 = Debug|Any CPU
		{AC256219-6056-4C95-9EF3-2AD680839867}.Release|Any CPU.ActiveCfg = Release|Any CPU
		{AC256219-6056-4C95-9EF3-2AD680839867}.Release|Any CPU.Build.0 = Release|Any CPU
		{63B806F5-D12E-4E33-BB2C-F480B47FC75E}.Debug|Any CPU.ActiveCfg = Debug|Any CPU
		{63B806F5-D12E-4E33-BB2C-F480B47FC75E}.Debug|Any CPU.Build.0 = Debug|Any CPU
		{63B806F5-D12E-4E33-BB2C-F480B47FC75E}.Release|Any CPU.ActiveCfg = Release|Any CPU
		{63B806F5-D12E-4E33-BB2C-F480B47FC75E}.Release|Any CPU.Build.0 = Release|Any CPU
		{5A3FE94F-76EC-4D82-83D9-1E5EF8EA1FDE}.Debug|Any CPU.ActiveCfg = Debug|Any CPU
		{5A3FE94F-76EC-4D82-83D9-1E5EF8EA1FDE}.Debug|Any CPU.Build.0 = Debug|Any CPU
		{5A3FE94F-76EC-4D82-83D9-1E5EF8EA1FDE}.Release|Any CPU.ActiveCfg = Release|Any CPU
		{5A3FE94F-76EC-4D82-83D9-1E5EF8EA1FDE}.Release|Any CPU.Build.0 = Release|Any CPU
		{0B664F54-8E61-4575-8F02-598FD61B57DA}.Debug|Any CPU.ActiveCfg = Debug|Any CPU
		{0B664F54-8E61-4575-8F02-598FD61B57DA}.Debug|Any CPU.Build.0 = Debug|Any CPU
		{0B664F54-8E61-4575-8F02-598FD61B57DA}.Release|Any CPU.ActiveCfg = Release|Any CPU
		{0B664F54-8E61-4575-8F02-598FD61B57DA}.Release|Any CPU.Build.0 = Release|Any CPU
	EndGlobalSection
	GlobalSection(SolutionProperties) = preSolution
		HideSolutionNode = FALSE
	EndGlobalSection
	GlobalSection(ExtensibilityGlobals) = postSolution
		SolutionGuid = {21F3D69F-5624-4A50-9772-1FA57A1C75A6}
	EndGlobalSection
EndGlobal
