
Microsoft Visual Studio Solution File, Format Version 12.00
# Visual Studio Version 17
VisualStudioVersion = 17.2.32630.192
MinimumVisualStudioVersion = 10.0.40219.1
Project("{9A19103F-16F7-4668-BE54-9A1E7A4F7556}") = "R5T.O0019.Construction", "R5T.O0019.Construction\R5T.O0019.Construction.csproj", "{AC876582-6B7E-44E9-9795-AE5B6D94A836}"
EndProject
Project("{9A19103F-16F7-4668-BE54-9A1E7A4F7556}") = "R5T.O0019", "R5T.O0019\R5T.O0019.csproj", "{B85A0D91-E576-4142-AE04-4DD10D6A2551}"
EndProject
Project("{2150E333-8FDC-42A3-9474-1A3956D46DE8}") = "_Dependencies", "_Dependencies", "{3D6BF94F-04FB-4036-8122-B511288B34C0}"
EndProject
Project("{9A19103F-16F7-4668-BE54-9A1E7A4F7556}") = "R5T.NG0019", "..\..\R5T.NG0019\source\R5T.NG0019\R5T.NG0019.csproj", "{ED37FD0A-46EE-4EF0-BD6D-6D1BC1FDD41E}"
EndProject
Project("{9A19103F-16F7-4668-BE54-9A1E7A4F7556}") = "R5T.F0000", "..\..\R5T.F0000\source\R5T.F0000\R5T.F0000.csproj", "{5DEB6892-5916-496B-9801-8262F3A929AB}"
EndProject
Project("{9A19103F-16F7-4668-BE54-9A1E7A4F7556}") = "R5T.F0002", "..\..\R5T.F0002\source\R5T.F0002\R5T.F0002.csproj", "{949D47FF-96E5-4EEF-A2D3-1B7B0EE519FC}"
EndProject
Project("{9A19103F-16F7-4668-BE54-9A1E7A4F7556}") = "R5T.F0120", "..\..\R5T.F0120\source\R5T.F0120\R5T.F0120.csproj", "{E5C74BB2-6F17-49BF-A2E6-687DFE4D41C8}"
EndProject
Project("{9A19103F-16F7-4668-BE54-9A1E7A4F7556}") = "R5T.F0124", "..\..\R5T.F0124\source\R5T.F0124\R5T.F0124.csproj", "{C875B217-6CCC-4A6A-AD61-E40A0196ACA2}"
EndProject
Project("{9A19103F-16F7-4668-BE54-9A1E7A4F7556}") = "R5T.F0125", "..\..\R5T.F0125\source\R5T.F0125\R5T.F0125.csproj", "{C10CA7E2-8DFE-4064-852D-949D880DFB30}"
EndProject
Project("{9A19103F-16F7-4668-BE54-9A1E7A4F7556}") = "R5T.L0030.T000", "..\..\R5T.L0030\source\R5T.L0030.T000\R5T.L0030.T000.csproj", "{852B1203-55FA-47E6-85DB-2FA09D25D056}"
EndProject
Project("{9A19103F-16F7-4668-BE54-9A1E7A4F7556}") = "R5T.L0030", "..\..\R5T.L0030\source\R5T.L0030\R5T.L0030.csproj", "{37B172D7-1E89-4730-AA83-CBF546F04F82}"
EndProject
Project("{9A19103F-16F7-4668-BE54-9A1E7A4F7556}") = "R5T.L0034", "..\..\R5T.L0034\source\R5T.L0034\R5T.L0034.csproj", "{D3C19E71-21B8-4D32-8539-8F4A8097C4D3}"
EndProject
Project("{9A19103F-16F7-4668-BE54-9A1E7A4F7556}") = "R5T.L0035", "..\..\R5T.L0035\source\R5T.L0035\R5T.L0035.csproj", "{65E00248-70F9-461D-B35F-5EFFE78A8FA0}"
EndProject
Project("{9A19103F-16F7-4668-BE54-9A1E7A4F7556}") = "R5T.T0131", "..\..\R5T.T0131\source\R5T.T0131\R5T.T0131.csproj", "{AD4B2350-98CB-44A9-B1BD-0BE707AB3055}"
EndProject
Project("{9A19103F-16F7-4668-BE54-9A1E7A4F7556}") = "R5T.T0132", "..\..\R5T.T0132\source\R5T.T0132\R5T.T0132.csproj", "{4C19C8AE-544C-4F9A-BD22-790923ECAF21}"
EndProject
Project("{9A19103F-16F7-4668-BE54-9A1E7A4F7556}") = "R5T.T0142", "..\..\R5T.T0142\source\R5T.T0142\R5T.T0142.csproj", "{436D278B-FFB6-4EED-B9C8-3C4C0A724129}"
EndProject
Project("{9A19103F-16F7-4668-BE54-9A1E7A4F7556}") = "R5T.T0143", "..\..\R5T.T0143\source\R5T.T0143\R5T.T0143.csproj", "{9400A9A3-6A59-4FCF-B97A-9DABA4DAEE8B}"
EndProject
Project("{9A19103F-16F7-4668-BE54-9A1E7A4F7556}") = "R5T.T0156", "..\..\R5T.T0156\source\R5T.T0156\R5T.T0156.csproj", "{040FE203-32F9-4456-9A18-91B5ECEBDCE6}"
EndProject
Project("{9A19103F-16F7-4668-BE54-9A1E7A4F7556}") = "R5T.T0174", "..\..\R5T.T0174\source\R5T.T0174\R5T.T0174.csproj", "{5780E8C5-5376-4A72-B8BA-DE17DBC5642C}"
EndProject
Project("{9A19103F-16F7-4668-BE54-9A1E7A4F7556}") = "R5T.T0176", "..\..\R5T.T0176\source\R5T.T0176\R5T.T0176.csproj", "{2F1A40C2-2F95-4A7E-A5EF-6D2405296C14}"
EndProject
Project("{9A19103F-16F7-4668-BE54-9A1E7A4F7556}") = "R5T.T0177", "..\..\R5T.T0177\source\R5T.T0177\R5T.T0177.csproj", "{5B58DDF5-A452-4867-B142-3772CA67E800}"
EndProject
Project("{9A19103F-16F7-4668-BE54-9A1E7A4F7556}") = "R5T.T0178", "..\..\R5T.T0178\source\R5T.T0178\R5T.T0178.csproj", "{504B5A2E-C235-490C-92BD-8E68ED2E357A}"
EndProject
Project("{9A19103F-16F7-4668-BE54-9A1E7A4F7556}") = "R5T.T0179", "..\..\R5T.T0179\source\R5T.T0179\R5T.T0179.csproj", "{19E37840-E2D7-4218-9793-6994D5D6AD9F}"
EndProject
Project("{9A19103F-16F7-4668-BE54-9A1E7A4F7556}") = "R5T.T0180", "..\..\R5T.T0180\source\R5T.T0180\R5T.T0180.csproj", "{5165F7B6-FFAD-4F13-82A7-B4704A240AC1}"
EndProject
Project("{9A19103F-16F7-4668-BE54-9A1E7A4F7556}") = "R5T.T0181", "..\..\R5T.T0181\source\R5T.T0181\R5T.T0181.csproj", "{29DB81F9-2859-434F-8663-07766598B76B}"
EndProject
Project("{9A19103F-16F7-4668-BE54-9A1E7A4F7556}") = "R5T.T0185", "..\..\R5T.T0185\source\R5T.T0185\R5T.T0185.csproj", "{BAAB6169-BCF3-4112-8742-B8B658838D85}"
EndProject
Project("{9A19103F-16F7-4668-BE54-9A1E7A4F7556}") = "R5T.T0203", "..\..\R5T.T0203\source\R5T.T0203\R5T.T0203.csproj", "{3F137C25-DC25-45FB-BBED-20DB3BB00A5F}"
EndProject
Project("{9A19103F-16F7-4668-BE54-9A1E7A4F7556}") = "R5T.Y0000", "..\..\R5T.Y0000\source\R5T.Y0000\R5T.Y0000.csproj", "{179E266E-16C1-4726-8E14-46BA605412BC}"
EndProject
Project("{9A19103F-16F7-4668-BE54-9A1E7A4F7556}") = "R5T.Z0000", "..\..\R5T.Z0000\source\R5T.Z0000\R5T.Z0000.csproj", "{A82C7ED9-D3E2-4E43-9FC6-19F36BB3DCB6}"
EndProject
Project("{9A19103F-16F7-4668-BE54-9A1E7A4F7556}") = "R5T.F0059", "..\..\R5T.F0059\source\R5T.F0059\R5T.F0059.csproj", "{A9DF0DAC-AAD2-4F78-8F6D-F6938802606D}"
EndProject
Project("{9A19103F-16F7-4668-BE54-9A1E7A4F7556}") = "R5T.L0053", "..\..\R5T.L0053\source\R5T.L0053\R5T.L0053.csproj", "{141D1249-14EE-4C92-A889-55C9C59155FC}"
EndProject
Project("{9A19103F-16F7-4668-BE54-9A1E7A4F7556}") = "R5T.L0056", "..\..\R5T.L0056\source\R5T.L0056\R5T.L0056.csproj", "{DFAB6885-4E18-4F3E-9E23-4143CE797387}"
EndProject
Project("{9A19103F-16F7-4668-BE54-9A1E7A4F7556}") = "R5T.L0066", "..\..\R5T.L0066\source\R5T.L0066\R5T.L0066.csproj", "{102DCA63-B27A-480F-9097-5D0D846B5AD1}"
EndProject
Project("{9A19103F-16F7-4668-BE54-9A1E7A4F7556}") = "R5T.L0071", "..\..\R5T.L0071\source\R5T.L0071\R5T.L0071.csproj", "{33C7D527-3B5B-4BB4-8D50-DF61F3962F1B}"
EndProject
Project("{9A19103F-16F7-4668-BE54-9A1E7A4F7556}") = "R5T.NG0006", "..\..\R5T.NG0006\source\R5T.NG0006\R5T.NG0006.csproj", "{58E3C29C-EBD2-4757-8266-12B8EDB61CFD}"
EndProject
Project("{9A19103F-16F7-4668-BE54-9A1E7A4F7556}") = "R5T.NG0022", "..\..\R5T.NG0022\source\R5T.NG0022\R5T.NG0022.csproj", "{17967526-E189-4B7C-9BE5-F9A0C3AC4622}"
EndProject
Project("{9A19103F-16F7-4668-BE54-9A1E7A4F7556}") = "R5T.T0150", "..\..\R5T.T0150\source\R5T.T0150\R5T.T0150.csproj", "{DCA79E9C-41CA-4354-8EC4-C7C923107C1A}"
EndProject
Project("{9A19103F-16F7-4668-BE54-9A1E7A4F7556}") = "R5T.T0151", "..\..\R5T.T0151\source\R5T.T0151\R5T.T0151.csproj", "{07EB729A-8FC8-4BCF-8939-F5F1A38DE472}"
EndProject
Project("{9A19103F-16F7-4668-BE54-9A1E7A4F7556}") = "R5T.T0158", "..\..\R5T.T0158\source\R5T.T0158\R5T.T0158.csproj", "{2362116F-F0CD-4813-81E9-E03EB8ED6F2E}"
EndProject
Project("{9A19103F-16F7-4668-BE54-9A1E7A4F7556}") = "R5T.T0159", "..\..\R5T.T0159\source\R5T.T0159\R5T.T0159.csproj", "{80FCD234-1E88-4984-B28D-05EA41435260}"
EndProject
Project("{9A19103F-16F7-4668-BE54-9A1E7A4F7556}") = "R5T.T0172", "..\..\R5T.T0172\source\R5T.T0172\R5T.T0172.csproj", "{4621B559-4A4B-4D13-86E6-FDFED06C41CD}"
EndProject
Project("{9A19103F-16F7-4668-BE54-9A1E7A4F7556}") = "R5T.T0199.T000", "..\..\R5T.T0199\source\R5T.T0199.T000\R5T.T0199.T000.csproj", "{A3B5CDE0-9F91-436E-93D9-6F31865BA2F9}"
EndProject
Project("{9A19103F-16F7-4668-BE54-9A1E7A4F7556}") = "R5T.T0199.T001", "..\..\R5T.T0199\source\R5T.T0199.T001\R5T.T0199.T001.csproj", "{0FAA0C06-B809-40B4-9275-D7A4EF6B5641}"
EndProject
Project("{9A19103F-16F7-4668-BE54-9A1E7A4F7556}") = "R5T.T0199", "..\..\R5T.T0199\source\R5T.T0199\R5T.T0199.csproj", "{B2D57691-5F82-457F-842E-70FDDF06E4E3}"
EndProject
Project("{9A19103F-16F7-4668-BE54-9A1E7A4F7556}") = "R5T.T0213", "..\..\R5T.T0213\source\R5T.T0213\R5T.T0213.csproj", "{510C98FC-ED73-4AC6-B85B-5671FA823578}"
EndProject
Project("{9A19103F-16F7-4668-BE54-9A1E7A4F7556}") = "R5T.T0218", "..\..\R5T.T0218\source\R5T.T0218\R5T.T0218.csproj", "{9C5B33BC-0097-420F-B0D9-E5C21B50F78B}"
EndProject
Project("{9A19103F-16F7-4668-BE54-9A1E7A4F7556}") = "R5T.T0219", "..\..\R5T.T0219\source\R5T.T0219\R5T.T0219.csproj", "{98849DF1-E02A-4C8C-AF0E-57E89480DBB7}"
EndProject
Project("{9A19103F-16F7-4668-BE54-9A1E7A4F7556}") = "R5T.T0220", "..\..\R5T.T0220\source\R5T.T0220\R5T.T0220.csproj", "{37D5D7BA-98EA-4349-8539-C325631D7FA1}"
EndProject
Project("{9A19103F-16F7-4668-BE54-9A1E7A4F7556}") = "R5T.T0221", "..\..\R5T.T0221\source\R5T.T0221\R5T.T0221.csproj", "{F27686A8-CAAB-4451-8CCE-B3D4BA8E41BB}"
EndProject
Project("{9A19103F-16F7-4668-BE54-9A1E7A4F7556}") = "R5T.T0227", "..\..\R5T.T0227\source\R5T.T0227\R5T.T0227.csproj", "{AF811C4B-D522-4ADB-9501-B10CB11950EE}"
EndProject
Project("{9A19103F-16F7-4668-BE54-9A1E7A4F7556}") = "R5T.Y0006", "..\..\R5T.Y0006\source\R5T.Y0006\R5T.Y0006.csproj", "{C47A1BFC-0BCB-4B1E-ACC3-13C5DE97E092}"
EndProject
Project("{9A19103F-16F7-4668-BE54-9A1E7A4F7556}") = "R5T.Z0010.Platform", "..\..\R5T.Z0010\source\R5T.Z0010.Platform\R5T.Z0010.Platform.csproj", "{81F87EAA-8259-4429-98AD-CD2012F14420}"
EndProject
Project("{9A19103F-16F7-4668-BE54-9A1E7A4F7556}") = "R5T.Z0010", "..\..\R5T.Z0010\source\R5T.Z0010\R5T.Z0010.csproj", "{A998CCA6-A21A-405F-ACB1-52AF4A1DBA19}"
EndProject
Project("{9A19103F-16F7-4668-BE54-9A1E7A4F7556}") = "R5T.Z0057.Platform", "..\..\R5T.Z0057\source\R5T.Z0057.Platform\R5T.Z0057.Platform.csproj", "{672A9938-9FF4-4F90-BE95-99A06EB41796}"
EndProject
Project("{9A19103F-16F7-4668-BE54-9A1E7A4F7556}") = "R5T.Z0057", "..\..\R5T.Z0057\source\R5T.Z0057\R5T.Z0057.csproj", "{1B435DB8-C653-4F60-AC9B-6AEB68A8252B}"
EndProject
Project("{9A19103F-16F7-4668-BE54-9A1E7A4F7556}") = "R5T.Z0058", "..\..\R5T.Z0058\source\R5T.Z0058\R5T.Z0058.csproj", "{C1400B6E-38B9-4638-A9BB-DBD79465D160}"
EndProject
Global
	GlobalSection(NestedProjects) = preSolution
		{ED37FD0A-46EE-4EF0-BD6D-6D1BC1FDD41E} = {3D6BF94F-04FB-4036-8122-B511288B34C0}
		{5DEB6892-5916-496B-9801-8262F3A929AB} = {3D6BF94F-04FB-4036-8122-B511288B34C0}
		{949D47FF-96E5-4EEF-A2D3-1B7B0EE519FC} = {3D6BF94F-04FB-4036-8122-B511288B34C0}
		{E5C74BB2-6F17-49BF-A2E6-687DFE4D41C8} = {3D6BF94F-04FB-4036-8122-B511288B34C0}
		{C875B217-6CCC-4A6A-AD61-E40A0196ACA2} = {3D6BF94F-04FB-4036-8122-B511288B34C0}
		{C10CA7E2-8DFE-4064-852D-949D880DFB30} = {3D6BF94F-04FB-4036-8122-B511288B34C0}
		{852B1203-55FA-47E6-85DB-2FA09D25D056} = {3D6BF94F-04FB-4036-8122-B511288B34C0}
		{37B172D7-1E89-4730-AA83-CBF546F04F82} = {3D6BF94F-04FB-4036-8122-B511288B34C0}
		{D3C19E71-21B8-4D32-8539-8F4A8097C4D3} = {3D6BF94F-04FB-4036-8122-B511288B34C0}
		{65E00248-70F9-461D-B35F-5EFFE78A8FA0} = {3D6BF94F-04FB-4036-8122-B511288B34C0}
		{AD4B2350-98CB-44A9-B1BD-0BE707AB3055} = {3D6BF94F-04FB-4036-8122-B511288B34C0}
		{4C19C8AE-544C-4F9A-BD22-790923ECAF21} = {3D6BF94F-04FB-4036-8122-B511288B34C0}
		{436D278B-FFB6-4EED-B9C8-3C4C0A724129} = {3D6BF94F-04FB-4036-8122-B511288B34C0}
		{9400A9A3-6A59-4FCF-B97A-9DABA4DAEE8B} = {3D6BF94F-04FB-4036-8122-B511288B34C0}
		{040FE203-32F9-4456-9A18-91B5ECEBDCE6} = {3D6BF94F-04FB-4036-8122-B511288B34C0}
		{5780E8C5-5376-4A72-B8BA-DE17DBC5642C} = {3D6BF94F-04FB-4036-8122-B511288B34C0}
		{2F1A40C2-2F95-4A7E-A5EF-6D2405296C14} = {3D6BF94F-04FB-4036-8122-B511288B34C0}
		{5B58DDF5-A452-4867-B142-3772CA67E800} = {3D6BF94F-04FB-4036-8122-B511288B34C0}
		{504B5A2E-C235-490C-92BD-8E68ED2E357A} = {3D6BF94F-04FB-4036-8122-B511288B34C0}
		{19E37840-E2D7-4218-9793-6994D5D6AD9F} = {3D6BF94F-04FB-4036-8122-B511288B34C0}
		{5165F7B6-FFAD-4F13-82A7-B4704A240AC1} = {3D6BF94F-04FB-4036-8122-B511288B34C0}
		{29DB81F9-2859-434F-8663-07766598B76B} = {3D6BF94F-04FB-4036-8122-B511288B34C0}
		{BAAB6169-BCF3-4112-8742-B8B658838D85} = {3D6BF94F-04FB-4036-8122-B511288B34C0}
		{3F137C25-DC25-45FB-BBED-20DB3BB00A5F} = {3D6BF94F-04FB-4036-8122-B511288B34C0}
		{179E266E-16C1-4726-8E14-46BA605412BC} = {3D6BF94F-04FB-4036-8122-B511288B34C0}
		{A82C7ED9-D3E2-4E43-9FC6-19F36BB3DCB6} = {3D6BF94F-04FB-4036-8122-B511288B34C0}
		{A9DF0DAC-AAD2-4F78-8F6D-F6938802606D} = {3D6BF94F-04FB-4036-8122-B511288B34C0}
		{141D1249-14EE-4C92-A889-55C9C59155FC} = {3D6BF94F-04FB-4036-8122-B511288B34C0}
		{DFAB6885-4E18-4F3E-9E23-4143CE797387} = {3D6BF94F-04FB-4036-8122-B511288B34C0}
		{102DCA63-B27A-480F-9097-5D0D846B5AD1} = {3D6BF94F-04FB-4036-8122-B511288B34C0}
		{33C7D527-3B5B-4BB4-8D50-DF61F3962F1B} = {3D6BF94F-04FB-4036-8122-B511288B34C0}
		{58E3C29C-EBD2-4757-8266-12B8EDB61CFD} = {3D6BF94F-04FB-4036-8122-B511288B34C0}
		{17967526-E189-4B7C-9BE5-F9A0C3AC4622} = {3D6BF94F-04FB-4036-8122-B511288B34C0}
		{DCA79E9C-41CA-4354-8EC4-C7C923107C1A} = {3D6BF94F-04FB-4036-8122-B511288B34C0}
		{07EB729A-8FC8-4BCF-8939-F5F1A38DE472} = {3D6BF94F-04FB-4036-8122-B511288B34C0}
		{2362116F-F0CD-4813-81E9-E03EB8ED6F2E} = {3D6BF94F-04FB-4036-8122-B511288B34C0}
		{80FCD234-1E88-4984-B28D-05EA41435260} = {3D6BF94F-04FB-4036-8122-B511288B34C0}
		{4621B559-4A4B-4D13-86E6-FDFED06C41CD} = {3D6BF94F-04FB-4036-8122-B511288B34C0}
		{A3B5CDE0-9F91-436E-93D9-6F31865BA2F9} = {3D6BF94F-04FB-4036-8122-B511288B34C0}
		{0FAA0C06-B809-40B4-9275-D7A4EF6B5641} = {3D6BF94F-04FB-4036-8122-B511288B34C0}
		{B2D57691-5F82-457F-842E-70FDDF06E4E3} = {3D6BF94F-04FB-4036-8122-B511288B34C0}
		{510C98FC-ED73-4AC6-B85B-5671FA823578} = {3D6BF94F-04FB-4036-8122-B511288B34C0}
		{9C5B33BC-0097-420F-B0D9-E5C21B50F78B} = {3D6BF94F-04FB-4036-8122-B511288B34C0}
		{98849DF1-E02A-4C8C-AF0E-57E89480DBB7} = {3D6BF94F-04FB-4036-8122-B511288B34C0}
		{37D5D7BA-98EA-4349-8539-C325631D7FA1} = {3D6BF94F-04FB-4036-8122-B511288B34C0}
		{F27686A8-CAAB-4451-8CCE-B3D4BA8E41BB} = {3D6BF94F-04FB-4036-8122-B511288B34C0}
		{AF811C4B-D522-4ADB-9501-B10CB11950EE} = {3D6BF94F-04FB-4036-8122-B511288B34C0}
		{C47A1BFC-0BCB-4B1E-ACC3-13C5DE97E092} = {3D6BF94F-04FB-4036-8122-B511288B34C0}
		{81F87EAA-8259-4429-98AD-CD2012F14420} = {3D6BF94F-04FB-4036-8122-B511288B34C0}
		{A998CCA6-A21A-405F-ACB1-52AF4A1DBA19} = {3D6BF94F-04FB-4036-8122-B511288B34C0}
		{672A9938-9FF4-4F90-BE95-99A06EB41796} = {3D6BF94F-04FB-4036-8122-B511288B34C0}
		{1B435DB8-C653-4F60-AC9B-6AEB68A8252B} = {3D6BF94F-04FB-4036-8122-B511288B34C0}
		{C1400B6E-38B9-4638-A9BB-DBD79465D160} = {3D6BF94F-04FB-4036-8122-B511288B34C0}
	EndGlobalSection
	GlobalSection(SolutionConfigurationPlatforms) = preSolution
		Debug|Any CPU = Debug|Any CPU
		Release|Any CPU = Release|Any CPU
	EndGlobalSection
	GlobalSection(ProjectConfigurationPlatforms) = postSolution
		{AC876582-6B7E-44E9-9795-AE5B6D94A836}.Debug|Any CPU.ActiveCfg = Debug|Any CPU
		{AC876582-6B7E-44E9-9795-AE5B6D94A836}.Debug|Any CPU.Build.0 = Debug|Any CPU
		{AC876582-6B7E-44E9-9795-AE5B6D94A836}.Release|Any CPU.ActiveCfg = Release|Any CPU
		{AC876582-6B7E-44E9-9795-AE5B6D94A836}.Release|Any CPU.Build.0 = Release|Any CPU
		{B85A0D91-E576-4142-AE04-4DD10D6A2551}.Debug|Any CPU.ActiveCfg = Debug|Any CPU
		{B85A0D91-E576-4142-AE04-4DD10D6A2551}.Debug|Any CPU.Build.0 = Debug|Any CPU
		{B85A0D91-E576-4142-AE04-4DD10D6A2551}.Release|Any CPU.ActiveCfg = Release|Any CPU
		{B85A0D91-E576-4142-AE04-4DD10D6A2551}.Release|Any CPU.Build.0 = Release|Any CPU
		{ED37FD0A-46EE-4EF0-BD6D-6D1BC1FDD41E}.Debug|Any CPU.ActiveCfg = Debug|Any CPU
		{ED37FD0A-46EE-4EF0-BD6D-6D1BC1FDD41E}.Debug|Any CPU.Build.0 = Debug|Any CPU
		{ED37FD0A-46EE-4EF0-BD6D-6D1BC1FDD41E}.Release|Any CPU.ActiveCfg = Release|Any CPU
		{ED37FD0A-46EE-4EF0-BD6D-6D1BC1FDD41E}.Release|Any CPU.Build.0 = Release|Any CPU
		{5DEB6892-5916-496B-9801-8262F3A929AB}.Debug|Any CPU.ActiveCfg = Debug|Any CPU
		{5DEB6892-5916-496B-9801-8262F3A929AB}.Debug|Any CPU.Build.0 = Debug|Any CPU
		{5DEB6892-5916-496B-9801-8262F3A929AB}.Release|Any CPU.ActiveCfg = Release|Any CPU
		{5DEB6892-5916-496B-9801-8262F3A929AB}.Release|Any CPU.Build.0 = Release|Any CPU
		{949D47FF-96E5-4EEF-A2D3-1B7B0EE519FC}.Debug|Any CPU.ActiveCfg = Debug|Any CPU
		{949D47FF-96E5-4EEF-A2D3-1B7B0EE519FC}.Debug|Any CPU.Build.0 = Debug|Any CPU
		{949D47FF-96E5-4EEF-A2D3-1B7B0EE519FC}.Release|Any CPU.ActiveCfg = Release|Any CPU
		{949D47FF-96E5-4EEF-A2D3-1B7B0EE519FC}.Release|Any CPU.Build.0 = Release|Any CPU
		{E5C74BB2-6F17-49BF-A2E6-687DFE4D41C8}.Debug|Any CPU.ActiveCfg = Debug|Any CPU
		{E5C74BB2-6F17-49BF-A2E6-687DFE4D41C8}.Debug|Any CPU.Build.0 = Debug|Any CPU
		{E5C74BB2-6F17-49BF-A2E6-687DFE4D41C8}.Release|Any CPU.ActiveCfg = Release|Any CPU
		{E5C74BB2-6F17-49BF-A2E6-687DFE4D41C8}.Release|Any CPU.Build.0 = Release|Any CPU
		{C875B217-6CCC-4A6A-AD61-E40A0196ACA2}.Debug|Any CPU.ActiveCfg = Debug|Any CPU
		{C875B217-6CCC-4A6A-AD61-E40A0196ACA2}.Debug|Any CPU.Build.0 = Debug|Any CPU
		{C875B217-6CCC-4A6A-AD61-E40A0196ACA2}.Release|Any CPU.ActiveCfg = Release|Any CPU
		{C875B217-6CCC-4A6A-AD61-E40A0196ACA2}.Release|Any CPU.Build.0 = Release|Any CPU
		{C10CA7E2-8DFE-4064-852D-949D880DFB30}.Debug|Any CPU.ActiveCfg = Debug|Any CPU
		{C10CA7E2-8DFE-4064-852D-949D880DFB30}.Debug|Any CPU.Build.0 = Debug|Any CPU
		{C10CA7E2-8DFE-4064-852D-949D880DFB30}.Release|Any CPU.ActiveCfg = Release|Any CPU
		{C10CA7E2-8DFE-4064-852D-949D880DFB30}.Release|Any CPU.Build.0 = Release|Any CPU
		{852B1203-55FA-47E6-85DB-2FA09D25D056}.Debug|Any CPU.ActiveCfg = Debug|Any CPU
		{852B1203-55FA-47E6-85DB-2FA09D25D056}.Debug|Any CPU.Build.0 = Debug|Any CPU
		{852B1203-55FA-47E6-85DB-2FA09D25D056}.Release|Any CPU.ActiveCfg = Release|Any CPU
		{852B1203-55FA-47E6-85DB-2FA09D25D056}.Release|Any CPU.Build.0 = Release|Any CPU
		{37B172D7-1E89-4730-AA83-CBF546F04F82}.Debug|Any CPU.ActiveCfg = Debug|Any CPU
		{37B172D7-1E89-4730-AA83-CBF546F04F82}.Debug|Any CPU.Build.0 = Debug|Any CPU
		{37B172D7-1E89-4730-AA83-CBF546F04F82}.Release|Any CPU.ActiveCfg = Release|Any CPU
		{37B172D7-1E89-4730-AA83-CBF546F04F82}.Release|Any CPU.Build.0 = Release|Any CPU
		{D3C19E71-21B8-4D32-8539-8F4A8097C4D3}.Debug|Any CPU.ActiveCfg = Debug|Any CPU
		{D3C19E71-21B8-4D32-8539-8F4A8097C4D3}.Debug|Any CPU.Build.0 = Debug|Any CPU
		{D3C19E71-21B8-4D32-8539-8F4A8097C4D3}.Release|Any CPU.ActiveCfg = Release|Any CPU
		{D3C19E71-21B8-4D32-8539-8F4A8097C4D3}.Release|Any CPU.Build.0 = Release|Any CPU
		{65E00248-70F9-461D-B35F-5EFFE78A8FA0}.Debug|Any CPU.ActiveCfg = Debug|Any CPU
		{65E00248-70F9-461D-B35F-5EFFE78A8FA0}.Debug|Any CPU.Build.0 = Debug|Any CPU
		{65E00248-70F9-461D-B35F-5EFFE78A8FA0}.Release|Any CPU.ActiveCfg = Release|Any CPU
		{65E00248-70F9-461D-B35F-5EFFE78A8FA0}.Release|Any CPU.Build.0 = Release|Any CPU
		{AD4B2350-98CB-44A9-B1BD-0BE707AB3055}.Debug|Any CPU.ActiveCfg = Debug|Any CPU
		{AD4B2350-98CB-44A9-B1BD-0BE707AB3055}.Debug|Any CPU.Build.0 = Debug|Any CPU
		{AD4B2350-98CB-44A9-B1BD-0BE707AB3055}.Release|Any CPU.ActiveCfg = Release|Any CPU
		{AD4B2350-98CB-44A9-B1BD-0BE707AB3055}.Release|Any CPU.Build.0 = Release|Any CPU
		{4C19C8AE-544C-4F9A-BD22-790923ECAF21}.Debug|Any CPU.ActiveCfg = Debug|Any CPU
		{4C19C8AE-544C-4F9A-BD22-790923ECAF21}.Debug|Any CPU.Build.0 = Debug|Any CPU
		{4C19C8AE-544C-4F9A-BD22-790923ECAF21}.Release|Any CPU.ActiveCfg = Release|Any CPU
		{4C19C8AE-544C-4F9A-BD22-790923ECAF21}.Release|Any CPU.Build.0 = Release|Any CPU
		{436D278B-FFB6-4EED-B9C8-3C4C0A724129}.Debug|Any CPU.ActiveCfg = Debug|Any CPU
		{436D278B-FFB6-4EED-B9C8-3C4C0A724129}.Debug|Any CPU.Build.0 = Debug|Any CPU
		{436D278B-FFB6-4EED-B9C8-3C4C0A724129}.Release|Any CPU.ActiveCfg = Release|Any CPU
		{436D278B-FFB6-4EED-B9C8-3C4C0A724129}.Release|Any CPU.Build.0 = Release|Any CPU
		{9400A9A3-6A59-4FCF-B97A-9DABA4DAEE8B}.Debug|Any CPU.ActiveCfg = Debug|Any CPU
		{9400A9A3-6A59-4FCF-B97A-9DABA4DAEE8B}.Debug|Any CPU.Build.0 = Debug|Any CPU
		{9400A9A3-6A59-4FCF-B97A-9DABA4DAEE8B}.Release|Any CPU.ActiveCfg = Release|Any CPU
		{9400A9A3-6A59-4FCF-B97A-9DABA4DAEE8B}.Release|Any CPU.Build.0 = Release|Any CPU
		{040FE203-32F9-4456-9A18-91B5ECEBDCE6}.Debug|Any CPU.ActiveCfg = Debug|Any CPU
		{040FE203-32F9-4456-9A18-91B5ECEBDCE6}.Debug|Any CPU.Build.0 = Debug|Any CPU
		{040FE203-32F9-4456-9A18-91B5ECEBDCE6}.Release|Any CPU.ActiveCfg = Release|Any CPU
		{040FE203-32F9-4456-9A18-91B5ECEBDCE6}.Release|Any CPU.Build.0 = Release|Any CPU
		{5780E8C5-5376-4A72-B8BA-DE17DBC5642C}.Debug|Any CPU.ActiveCfg = Debug|Any CPU
		{5780E8C5-5376-4A72-B8BA-DE17DBC5642C}.Debug|Any CPU.Build.0 = Debug|Any CPU
		{5780E8C5-5376-4A72-B8BA-DE17DBC5642C}.Release|Any CPU.ActiveCfg = Release|Any CPU
		{5780E8C5-5376-4A72-B8BA-DE17DBC5642C}.Release|Any CPU.Build.0 = Release|Any CPU
		{2F1A40C2-2F95-4A7E-A5EF-6D2405296C14}.Debug|Any CPU.ActiveCfg = Debug|Any CPU
		{2F1A40C2-2F95-4A7E-A5EF-6D2405296C14}.Debug|Any CPU.Build.0 = Debug|Any CPU
		{2F1A40C2-2F95-4A7E-A5EF-6D2405296C14}.Release|Any CPU.ActiveCfg = Release|Any CPU
		{2F1A40C2-2F95-4A7E-A5EF-6D2405296C14}.Release|Any CPU.Build.0 = Release|Any CPU
		{5B58DDF5-A452-4867-B142-3772CA67E800}.Debug|Any CPU.ActiveCfg = Debug|Any CPU
		{5B58DDF5-A452-4867-B142-3772CA67E800}.Debug|Any CPU.Build.0 = Debug|Any CPU
		{5B58DDF5-A452-4867-B142-3772CA67E800}.Release|Any CPU.ActiveCfg = Release|Any CPU
		{5B58DDF5-A452-4867-B142-3772CA67E800}.Release|Any CPU.Build.0 = Release|Any CPU
		{504B5A2E-C235-490C-92BD-8E68ED2E357A}.Debug|Any CPU.ActiveCfg = Debug|Any CPU
		{504B5A2E-C235-490C-92BD-8E68ED2E357A}.Debug|Any CPU.Build.0 = Debug|Any CPU
		{504B5A2E-C235-490C-92BD-8E68ED2E357A}.Release|Any CPU.ActiveCfg = Release|Any CPU
		{504B5A2E-C235-490C-92BD-8E68ED2E357A}.Release|Any CPU.Build.0 = Release|Any CPU
		{19E37840-E2D7-4218-9793-6994D5D6AD9F}.Debug|Any CPU.ActiveCfg = Debug|Any CPU
		{19E37840-E2D7-4218-9793-6994D5D6AD9F}.Debug|Any CPU.Build.0 = Debug|Any CPU
		{19E37840-E2D7-4218-9793-6994D5D6AD9F}.Release|Any CPU.ActiveCfg = Release|Any CPU
		{19E37840-E2D7-4218-9793-6994D5D6AD9F}.Release|Any CPU.Build.0 = Release|Any CPU
		{5165F7B6-FFAD-4F13-82A7-B4704A240AC1}.Debug|Any CPU.ActiveCfg = Debug|Any CPU
		{5165F7B6-FFAD-4F13-82A7-B4704A240AC1}.Debug|Any CPU.Build.0 = Debug|Any CPU
		{5165F7B6-FFAD-4F13-82A7-B4704A240AC1}.Release|Any CPU.ActiveCfg = Release|Any CPU
		{5165F7B6-FFAD-4F13-82A7-B4704A240AC1}.Release|Any CPU.Build.0 = Release|Any CPU
		{29DB81F9-2859-434F-8663-07766598B76B}.Debug|Any CPU.ActiveCfg = Debug|Any CPU
		{29DB81F9-2859-434F-8663-07766598B76B}.Debug|Any CPU.Build.0 = Debug|Any CPU
		{29DB81F9-2859-434F-8663-07766598B76B}.Release|Any CPU.ActiveCfg = Release|Any CPU
		{29DB81F9-2859-434F-8663-07766598B76B}.Release|Any CPU.Build.0 = Release|Any CPU
		{BAAB6169-BCF3-4112-8742-B8B658838D85}.Debug|Any CPU.ActiveCfg = Debug|Any CPU
		{BAAB6169-BCF3-4112-8742-B8B658838D85}.Debug|Any CPU.Build.0 = Debug|Any CPU
		{BAAB6169-BCF3-4112-8742-B8B658838D85}.Release|Any CPU.ActiveCfg = Release|Any CPU
		{BAAB6169-BCF3-4112-8742-B8B658838D85}.Release|Any CPU.Build.0 = Release|Any CPU
		{3F137C25-DC25-45FB-BBED-20DB3BB00A5F}.Debug|Any CPU.ActiveCfg = Debug|Any CPU
		{3F137C25-DC25-45FB-BBED-20DB3BB00A5F}.Debug|Any CPU.Build.0 = Debug|Any CPU
		{3F137C25-DC25-45FB-BBED-20DB3BB00A5F}.Release|Any CPU.ActiveCfg = Release|Any CPU
		{3F137C25-DC25-45FB-BBED-20DB3BB00A5F}.Release|Any CPU.Build.0 = Release|Any CPU
		{179E266E-16C1-4726-8E14-46BA605412BC}.Debug|Any CPU.ActiveCfg = Debug|Any CPU
		{179E266E-16C1-4726-8E14-46BA605412BC}.Debug|Any CPU.Build.0 = Debug|Any CPU
		{179E266E-16C1-4726-8E14-46BA605412BC}.Release|Any CPU.ActiveCfg = Release|Any CPU
		{179E266E-16C1-4726-8E14-46BA605412BC}.Release|Any CPU.Build.0 = Release|Any CPU
		{A82C7ED9-D3E2-4E43-9FC6-19F36BB3DCB6}.Debug|Any CPU.ActiveCfg = Debug|Any CPU
		{A82C7ED9-D3E2-4E43-9FC6-19F36BB3DCB6}.Debug|Any CPU.Build.0 = Debug|Any CPU
		{A82C7ED9-D3E2-4E43-9FC6-19F36BB3DCB6}.Release|Any CPU.ActiveCfg = Release|Any CPU
		{A82C7ED9-D3E2-4E43-9FC6-19F36BB3DCB6}.Release|Any CPU.Build.0 = Release|Any CPU
		{A9DF0DAC-AAD2-4F78-8F6D-F6938802606D}.Debug|Any CPU.ActiveCfg = Debug|Any CPU
		{A9DF0DAC-AAD2-4F78-8F6D-F6938802606D}.Debug|Any CPU.Build.0 = Debug|Any CPU
		{A9DF0DAC-AAD2-4F78-8F6D-F6938802606D}.Release|Any CPU.ActiveCfg = Release|Any CPU
		{A9DF0DAC-AAD2-4F78-8F6D-F6938802606D}.Release|Any CPU.Build.0 = Release|Any CPU
		{141D1249-14EE-4C92-A889-55C9C59155FC}.Debug|Any CPU.ActiveCfg = Debug|Any CPU
		{141D1249-14EE-4C92-A889-55C9C59155FC}.Debug|Any CPU.Build.0 = Debug|Any CPU
		{141D1249-14EE-4C92-A889-55C9C59155FC}.Release|Any CPU.ActiveCfg = Release|Any CPU
		{141D1249-14EE-4C92-A889-55C9C59155FC}.Release|Any CPU.Build.0 = Release|Any CPU
		{DFAB6885-4E18-4F3E-9E23-4143CE797387}.Debug|Any CPU.ActiveCfg = Debug|Any CPU
		{DFAB6885-4E18-4F3E-9E23-4143CE797387}.Debug|Any CPU.Build.0 = Debug|Any CPU
		{DFAB6885-4E18-4F3E-9E23-4143CE797387}.Release|Any CPU.ActiveCfg = Release|Any CPU
		{DFAB6885-4E18-4F3E-9E23-4143CE797387}.Release|Any CPU.Build.0 = Release|Any CPU
		{102DCA63-B27A-480F-9097-5D0D846B5AD1}.Debug|Any CPU.ActiveCfg = Debug|Any CPU
		{102DCA63-B27A-480F-9097-5D0D846B5AD1}.Debug|Any CPU.Build.0 = Debug|Any CPU
		{102DCA63-B27A-480F-9097-5D0D846B5AD1}.Release|Any CPU.ActiveCfg = Release|Any CPU
		{102DCA63-B27A-480F-9097-5D0D846B5AD1}.Release|Any CPU.Build.0 = Release|Any CPU
		{33C7D527-3B5B-4BB4-8D50-DF61F3962F1B}.Debug|Any CPU.ActiveCfg = Debug|Any CPU
		{33C7D527-3B5B-4BB4-8D50-DF61F3962F1B}.Debug|Any CPU.Build.0 = Debug|Any CPU
		{33C7D527-3B5B-4BB4-8D50-DF61F3962F1B}.Release|Any CPU.ActiveCfg = Release|Any CPU
		{33C7D527-3B5B-4BB4-8D50-DF61F3962F1B}.Release|Any CPU.Build.0 = Release|Any CPU
		{58E3C29C-EBD2-4757-8266-12B8EDB61CFD}.Debug|Any CPU.ActiveCfg = Debug|Any CPU
		{58E3C29C-EBD2-4757-8266-12B8EDB61CFD}.Debug|Any CPU.Build.0 = Debug|Any CPU
		{58E3C29C-EBD2-4757-8266-12B8EDB61CFD}.Release|Any CPU.ActiveCfg = Release|Any CPU
		{58E3C29C-EBD2-4757-8266-12B8EDB61CFD}.Release|Any CPU.Build.0 = Release|Any CPU
		{17967526-E189-4B7C-9BE5-F9A0C3AC4622}.Debug|Any CPU.ActiveCfg = Debug|Any CPU
		{17967526-E189-4B7C-9BE5-F9A0C3AC4622}.Debug|Any CPU.Build.0 = Debug|Any CPU
		{17967526-E189-4B7C-9BE5-F9A0C3AC4622}.Release|Any CPU.ActiveCfg = Release|Any CPU
		{17967526-E189-4B7C-9BE5-F9A0C3AC4622}.Release|Any CPU.Build.0 = Release|Any CPU
		{DCA79E9C-41CA-4354-8EC4-C7C923107C1A}.Debug|Any CPU.ActiveCfg = Debug|Any CPU
		{DCA79E9C-41CA-4354-8EC4-C7C923107C1A}.Debug|Any CPU.Build.0 = Debug|Any CPU
		{DCA79E9C-41CA-4354-8EC4-C7C923107C1A}.Release|Any CPU.ActiveCfg = Release|Any CPU
		{DCA79E9C-41CA-4354-8EC4-C7C923107C1A}.Release|Any CPU.Build.0 = Release|Any CPU
		{07EB729A-8FC8-4BCF-8939-F5F1A38DE472}.Debug|Any CPU.ActiveCfg = Debug|Any CPU
		{07EB729A-8FC8-4BCF-8939-F5F1A38DE472}.Debug|Any CPU.Build.0 = Debug|Any CPU
		{07EB729A-8FC8-4BCF-8939-F5F1A38DE472}.Release|Any CPU.ActiveCfg = Release|Any CPU
		{07EB729A-8FC8-4BCF-8939-F5F1A38DE472}.Release|Any CPU.Build.0 = Release|Any CPU
		{2362116F-F0CD-4813-81E9-E03EB8ED6F2E}.Debug|Any CPU.ActiveCfg = Debug|Any CPU
		{2362116F-F0CD-4813-81E9-E03EB8ED6F2E}.Debug|Any CPU.Build.0 = Debug|Any CPU
		{2362116F-F0CD-4813-81E9-E03EB8ED6F2E}.Release|Any CPU.ActiveCfg = Release|Any CPU
		{2362116F-F0CD-4813-81E9-E03EB8ED6F2E}.Release|Any CPU.Build.0 = Release|Any CPU
		{80FCD234-1E88-4984-B28D-05EA41435260}.Debug|Any CPU.ActiveCfg = Debug|Any CPU
		{80FCD234-1E88-4984-B28D-05EA41435260}.Debug|Any CPU.Build.0 = Debug|Any CPU
		{80FCD234-1E88-4984-B28D-05EA41435260}.Release|Any CPU.ActiveCfg = Release|Any CPU
		{80FCD234-1E88-4984-B28D-05EA41435260}.Release|Any CPU.Build.0 = Release|Any CPU
		{4621B559-4A4B-4D13-86E6-FDFED06C41CD}.Debug|Any CPU.ActiveCfg = Debug|Any CPU
		{4621B559-4A4B-4D13-86E6-FDFED06C41CD}.Debug|Any CPU.Build.0 = Debug|Any CPU
		{4621B559-4A4B-4D13-86E6-FDFED06C41CD}.Release|Any CPU.ActiveCfg = Release|Any CPU
		{4621B559-4A4B-4D13-86E6-FDFED06C41CD}.Release|Any CPU.Build.0 = Release|Any CPU
		{A3B5CDE0-9F91-436E-93D9-6F31865BA2F9}.Debug|Any CPU.ActiveCfg = Debug|Any CPU
		{A3B5CDE0-9F91-436E-93D9-6F31865BA2F9}.Debug|Any CPU.Build.0 = Debug|Any CPU
		{A3B5CDE0-9F91-436E-93D9-6F31865BA2F9}.Release|Any CPU.ActiveCfg = Release|Any CPU
		{A3B5CDE0-9F91-436E-93D9-6F31865BA2F9}.Release|Any CPU.Build.0 = Release|Any CPU
		{0FAA0C06-B809-40B4-9275-D7A4EF6B5641}.Debug|Any CPU.ActiveCfg = Debug|Any CPU
		{0FAA0C06-B809-40B4-9275-D7A4EF6B5641}.Debug|Any CPU.Build.0 = Debug|Any CPU
		{0FAA0C06-B809-40B4-9275-D7A4EF6B5641}.Release|Any CPU.ActiveCfg = Release|Any CPU
		{0FAA0C06-B809-40B4-9275-D7A4EF6B5641}.Release|Any CPU.Build.0 = Release|Any CPU
		{B2D57691-5F82-457F-842E-70FDDF06E4E3}.Debug|Any CPU.ActiveCfg = Debug|Any CPU
		{B2D57691-5F82-457F-842E-70FDDF06E4E3}.Debug|Any CPU.Build.0 = Debug|Any CPU
		{B2D57691-5F82-457F-842E-70FDDF06E4E3}.Release|Any CPU.ActiveCfg = Release|Any CPU
		{B2D57691-5F82-457F-842E-70FDDF06E4E3}.Release|Any CPU.Build.0 = Release|Any CPU
		{510C98FC-ED73-4AC6-B85B-5671FA823578}.Debug|Any CPU.ActiveCfg = Debug|Any CPU
		{510C98FC-ED73-4AC6-B85B-5671FA823578}.Debug|Any CPU.Build.0 = Debug|Any CPU
		{510C98FC-ED73-4AC6-B85B-5671FA823578}.Release|Any CPU.ActiveCfg = Release|Any CPU
		{510C98FC-ED73-4AC6-B85B-5671FA823578}.Release|Any CPU.Build.0 = Release|Any CPU
		{9C5B33BC-0097-420F-B0D9-E5C21B50F78B}.Debug|Any CPU.ActiveCfg = Debug|Any CPU
		{9C5B33BC-0097-420F-B0D9-E5C21B50F78B}.Debug|Any CPU.Build.0 = Debug|Any CPU
		{9C5B33BC-0097-420F-B0D9-E5C21B50F78B}.Release|Any CPU.ActiveCfg = Release|Any CPU
		{9C5B33BC-0097-420F-B0D9-E5C21B50F78B}.Release|Any CPU.Build.0 = Release|Any CPU
		{98849DF1-E02A-4C8C-AF0E-57E89480DBB7}.Debug|Any CPU.ActiveCfg = Debug|Any CPU
		{98849DF1-E02A-4C8C-AF0E-57E89480DBB7}.Debug|Any CPU.Build.0 = Debug|Any CPU
		{98849DF1-E02A-4C8C-AF0E-57E89480DBB7}.Release|Any CPU.ActiveCfg = Release|Any CPU
		{98849DF1-E02A-4C8C-AF0E-57E89480DBB7}.Release|Any CPU.Build.0 = Release|Any CPU
		{37D5D7BA-98EA-4349-8539-C325631D7FA1}.Debug|Any CPU.ActiveCfg = Debug|Any CPU
		{37D5D7BA-98EA-4349-8539-C325631D7FA1}.Debug|Any CPU.Build.0 = Debug|Any CPU
		{37D5D7BA-98EA-4349-8539-C325631D7FA1}.Release|Any CPU.ActiveCfg = Release|Any CPU
		{37D5D7BA-98EA-4349-8539-C325631D7FA1}.Release|Any CPU.Build.0 = Release|Any CPU
		{F27686A8-CAAB-4451-8CCE-B3D4BA8E41BB}.Debug|Any CPU.ActiveCfg = Debug|Any CPU
		{F27686A8-CAAB-4451-8CCE-B3D4BA8E41BB}.Debug|Any CPU.Build.0 = Debug|Any CPU
		{F27686A8-CAAB-4451-8CCE-B3D4BA8E41BB}.Release|Any CPU.ActiveCfg = Release|Any CPU
		{F27686A8-CAAB-4451-8CCE-B3D4BA8E41BB}.Release|Any CPU.Build.0 = Release|Any CPU
		{AF811C4B-D522-4ADB-9501-B10CB11950EE}.Debug|Any CPU.ActiveCfg = Debug|Any CPU
		{AF811C4B-D522-4ADB-9501-B10CB11950EE}.Debug|Any CPU.Build.0 = Debug|Any CPU
		{AF811C4B-D522-4ADB-9501-B10CB11950EE}.Release|Any CPU.ActiveCfg = Release|Any CPU
		{AF811C4B-D522-4ADB-9501-B10CB11950EE}.Release|Any CPU.Build.0 = Release|Any CPU
		{C47A1BFC-0BCB-4B1E-ACC3-13C5DE97E092}.Debug|Any CPU.ActiveCfg = Debug|Any CPU
		{C47A1BFC-0BCB-4B1E-ACC3-13C5DE97E092}.Debug|Any CPU.Build.0 = Debug|Any CPU
		{C47A1BFC-0BCB-4B1E-ACC3-13C5DE97E092}.Release|Any CPU.ActiveCfg = Release|Any CPU
		{C47A1BFC-0BCB-4B1E-ACC3-13C5DE97E092}.Release|Any CPU.Build.0 = Release|Any CPU
		{81F87EAA-8259-4429-98AD-CD2012F14420}.Debug|Any CPU.ActiveCfg = Debug|Any CPU
		{81F87EAA-8259-4429-98AD-CD2012F14420}.Debug|Any CPU.Build.0 = Debug|Any CPU
		{81F87EAA-8259-4429-98AD-CD2012F14420}.Release|Any CPU.ActiveCfg = Release|Any CPU
		{81F87EAA-8259-4429-98AD-CD2012F14420}.Release|Any CPU.Build.0 = Release|Any CPU
		{A998CCA6-A21A-405F-ACB1-52AF4A1DBA19}.Debug|Any CPU.ActiveCfg = Debug|Any CPU
		{A998CCA6-A21A-405F-ACB1-52AF4A1DBA19}.Debug|Any CPU.Build.0 = Debug|Any CPU
		{A998CCA6-A21A-405F-ACB1-52AF4A1DBA19}.Release|Any CPU.ActiveCfg = Release|Any CPU
		{A998CCA6-A21A-405F-ACB1-52AF4A1DBA19}.Release|Any CPU.Build.0 = Release|Any CPU
		{672A9938-9FF4-4F90-BE95-99A06EB41796}.Debug|Any CPU.ActiveCfg = Debug|Any CPU
		{672A9938-9FF4-4F90-BE95-99A06EB41796}.Debug|Any CPU.Build.0 = Debug|Any CPU
		{672A9938-9FF4-4F90-BE95-99A06EB41796}.Release|Any CPU.ActiveCfg = Release|Any CPU
		{672A9938-9FF4-4F90-BE95-99A06EB41796}.Release|Any CPU.Build.0 = Release|Any CPU
		{1B435DB8-C653-4F60-AC9B-6AEB68A8252B}.Debug|Any CPU.ActiveCfg = Debug|Any CPU
		{1B435DB8-C653-4F60-AC9B-6AEB68A8252B}.Debug|Any CPU.Build.0 = Debug|Any CPU
		{1B435DB8-C653-4F60-AC9B-6AEB68A8252B}.Release|Any CPU.ActiveCfg = Release|Any CPU
		{1B435DB8-C653-4F60-AC9B-6AEB68A8252B}.Release|Any CPU.Build.0 = Release|Any CPU
		{C1400B6E-38B9-4638-A9BB-DBD79465D160}.Debug|Any CPU.ActiveCfg = Debug|Any CPU
		{C1400B6E-38B9-4638-A9BB-DBD79465D160}.Debug|Any CPU.Build.0 = Debug|Any CPU
		{C1400B6E-38B9-4638-A9BB-DBD79465D160}.Release|Any CPU.ActiveCfg = Release|Any CPU
		{C1400B6E-38B9-4638-A9BB-DBD79465D160}.Release|Any CPU.Build.0 = Release|Any CPU
	EndGlobalSection
	GlobalSection(SolutionProperties) = preSolution
		HideSolutionNode = FALSE
	EndGlobalSection
	GlobalSection(ExtensibilityGlobals) = postSolution
		SolutionGuid = {2EB000E0-038D-4D9D-9467-8C4E4A933475}
	EndGlobalSection
EndGlobal
